// !$*UTF8*$!
{
	archiveVersion = 1;
	classes = {
	};
	objectVersion = 56;
	objects = {

/* Begin PBXBuildFile section */
		7C00EAA429076B5800CC1FE7 /* CoreDataFeedStoreTests.swift in Sources */ = {isa = PBXBuildFile; fileRef = 7C00EAA329076B5800CC1FE7 /* CoreDataFeedStoreTests.swift */; };
		7C00EAA629076D3F00CC1FE7 /* CoreDataFeedStore.swift in Sources */ = {isa = PBXBuildFile; fileRef = 7C00EAA529076D3F00CC1FE7 /* CoreDataFeedStore.swift */; };
		7C00EAA92907704900CC1FE7 /* FeedStore.xcdatamodeld in Sources */ = {isa = PBXBuildFile; fileRef = 7C00EAA72907704900CC1FE7 /* FeedStore.xcdatamodeld */; };
		7C1AFCDE29311E0700E294ED /* ImageComment.swift in Sources */ = {isa = PBXBuildFile; fileRef = 7C1AFCDD29311E0700E294ED /* ImageComment.swift */; };
		7C1BC318290A0ECC0048819B /* CoreDataHelpers.swift in Sources */ = {isa = PBXBuildFile; fileRef = 7C1BC317290A0ECC0048819B /* CoreDataHelpers.swift */; };
		7C1BC31A290A0F790048819B /* ManagedCache.swift in Sources */ = {isa = PBXBuildFile; fileRef = 7C1BC319290A0F790048819B /* ManagedCache.swift */; };
		7C1BC31C290A0FF60048819B /* ManagedFeedImage.swift in Sources */ = {isa = PBXBuildFile; fileRef = 7C1BC31B290A0FF60048819B /* ManagedFeedImage.swift */; };
		7C1BC324290AC4F10048819B /* EssentialFeedCacheIntegrationTests.swift in Sources */ = {isa = PBXBuildFile; fileRef = 7C1BC323290AC4F10048819B /* EssentialFeedCacheIntegrationTests.swift */; };
		7C1BC325290AC4F10048819B /* EssentialFeed.framework in Frameworks */ = {isa = PBXBuildFile; fileRef = 7CE1900A28E63F1F009A3DA4 /* EssentialFeed.framework */; };
		7C1BC32B290AC85D0048819B /* XCTestCase+MemoryLeakTracking.swift in Sources */ = {isa = PBXBuildFile; fileRef = 7C2BFE6C28EE3CB4006A1A99 /* XCTestCase+MemoryLeakTracking.swift */; };
		7C1BC32C290ACCA00048819B /* FeedCacheTestHelpers.swift in Sources */ = {isa = PBXBuildFile; fileRef = 7CA479D029033A6C0021F867 /* FeedCacheTestHelpers.swift */; };
		7C1BC32D290ACDB40048819B /* SharedTestsHelpers.swift in Sources */ = {isa = PBXBuildFile; fileRef = 7CA479D229033B770021F867 /* SharedTestsHelpers.swift */; };
		7C1DC1F028F7407200DDCD51 /* CacheFeedUseCaseTests.swift in Sources */ = {isa = PBXBuildFile; fileRef = 7C1DC1EF28F7407200DDCD51 /* CacheFeedUseCaseTests.swift */; };
		7C223B6A292588C60089E7FC /* Feed.storyboard in Resources */ = {isa = PBXBuildFile; fileRef = 7C223B69292588C60089E7FC /* Feed.storyboard */; };
		7C223B972927C9FF0089E7FC /* FeedSnapshotsTests.swift in Sources */ = {isa = PBXBuildFile; fileRef = 7C223B962927C9FF0089E7FC /* FeedSnapshotsTests.swift */; };
		7C223B9A2927D8AD0089E7FC /* UIImage+TestHelpers.swift in Sources */ = {isa = PBXBuildFile; fileRef = 7C223B992927D8AD0089E7FC /* UIImage+TestHelpers.swift */; };
		7C223B9C2927DCA60089E7FC /* UITableView+HeaderSizing.swift in Sources */ = {isa = PBXBuildFile; fileRef = 7C223B9B2927DCA60089E7FC /* UITableView+HeaderSizing.swift */; };
		7C223B9E2927F7830089E7FC /* UIViewController+Snapshot.swift in Sources */ = {isa = PBXBuildFile; fileRef = 7C223B9D2927F7830089E7FC /* UIViewController+Snapshot.swift */; };
		7C223BA02927F80D0089E7FC /* XCTestCase+Snapshot.swift in Sources */ = {isa = PBXBuildFile; fileRef = 7C223B9F2927F80D0089E7FC /* XCTestCase+Snapshot.swift */; };
		7C2BFE6528ECD79E006A1A99 /* HTTPClient.swift in Sources */ = {isa = PBXBuildFile; fileRef = 7C2BFE6428ECD79E006A1A99 /* HTTPClient.swift */; };
		7C2BFE6728ECD80B006A1A99 /* FeedItemsMapper.swift in Sources */ = {isa = PBXBuildFile; fileRef = 7C2BFE6628ECD80B006A1A99 /* FeedItemsMapper.swift */; };
		7C2BFE6A28ED048C006A1A99 /* URLSessionHTTPClientTests.swift in Sources */ = {isa = PBXBuildFile; fileRef = 7C2BFE6928ED048C006A1A99 /* URLSessionHTTPClientTests.swift */; };
		7C2BFE6D28EE3CB4006A1A99 /* XCTestCase+MemoryLeakTracking.swift in Sources */ = {isa = PBXBuildFile; fileRef = 7C2BFE6C28EE3CB4006A1A99 /* XCTestCase+MemoryLeakTracking.swift */; };
		7C2BFE6F28EE5ACA006A1A99 /* URLSessionHTTPClient.swift in Sources */ = {isa = PBXBuildFile; fileRef = 7C2BFE6E28EE5ACA006A1A99 /* URLSessionHTTPClient.swift */; };
		7C2BFE7928EF9EC7006A1A99 /* EssentialFeedAPIEndToEndTests.swift in Sources */ = {isa = PBXBuildFile; fileRef = 7C2BFE7828EF9EC7006A1A99 /* EssentialFeedAPIEndToEndTests.swift */; };
		7C2BFE7A28EF9EC7006A1A99 /* EssentialFeed.framework in Frameworks */ = {isa = PBXBuildFile; fileRef = 7CE1900A28E63F1F009A3DA4 /* EssentialFeed.framework */; };
		7C2BFE8028EFA632006A1A99 /* XCTestCase+MemoryLeakTracking.swift in Sources */ = {isa = PBXBuildFile; fileRef = 7C2BFE6C28EE3CB4006A1A99 /* XCTestCase+MemoryLeakTracking.swift */; };
		7C5CB8062907467700383CF1 /* FeedStoreSpecs.swift in Sources */ = {isa = PBXBuildFile; fileRef = 7C5CB8052907467700383CF1 /* FeedStoreSpecs.swift */; };
		7C5CB8082907472900383CF1 /* XCTestCase+FeedStoreSpecs.swift in Sources */ = {isa = PBXBuildFile; fileRef = 7C5CB8072907472900383CF1 /* XCTestCase+FeedStoreSpecs.swift */; };
		7C5CB80A29075F7E00383CF1 /* XCTestCase+FailableRetrieveFeedStoreSpecs.swift in Sources */ = {isa = PBXBuildFile; fileRef = 7C5CB80929075F7E00383CF1 /* XCTestCase+FailableRetrieveFeedStoreSpecs.swift */; };
		7C5CB80C2907619E00383CF1 /* XCTestCase+FailableInsertFeedStoreSpecs.swift in Sources */ = {isa = PBXBuildFile; fileRef = 7C5CB80B2907619E00383CF1 /* XCTestCase+FailableInsertFeedStoreSpecs.swift */; };
		7C5CB80E2907625E00383CF1 /* XCTestCase+FailableDeleteFeedStoreSpecs.swift in Sources */ = {isa = PBXBuildFile; fileRef = 7C5CB80D2907625E00383CF1 /* XCTestCase+FailableDeleteFeedStoreSpecs.swift */; };
		7C5E8BE529120DF7003395B8 /* FeedImageCellController.swift in Sources */ = {isa = PBXBuildFile; fileRef = 7C5E8BE429120DF7003395B8 /* FeedImageCellController.swift */; };
		7C5E8BF929146081003395B8 /* Feed.xcassets in Resources */ = {isa = PBXBuildFile; fileRef = 7C5E8BF829146081003395B8 /* Feed.xcassets */; };
		7C5E8BFB2914777F003395B8 /* UITableView+Dequeueing.swift in Sources */ = {isa = PBXBuildFile; fileRef = 7C5E8BFA2914777F003395B8 /* UITableView+Dequeueing.swift */; };
		7C5E8BFD291478EF003395B8 /* UIImageView+Animations.swift in Sources */ = {isa = PBXBuildFile; fileRef = 7C5E8BFC291478EF003395B8 /* UIImageView+Animations.swift */; };
		7C697DAA2910859500304994 /* EssentialFeed.framework in Frameworks */ = {isa = PBXBuildFile; fileRef = 7CE1900A28E63F1F009A3DA4 /* EssentialFeed.framework */; platformFilter = ios; };
		7C697DAB2910859500304994 /* EssentialFeed.framework in Embed Frameworks */ = {isa = PBXBuildFile; fileRef = 7CE1900A28E63F1F009A3DA4 /* EssentialFeed.framework */; platformFilter = ios; settings = {ATTRIBUTES = (CodeSignOnCopy, RemoveHeadersOnCopy, ); }; };
		7C697DAF291087D000304994 /* XCTestCase+MemoryLeakTracking.swift in Sources */ = {isa = PBXBuildFile; fileRef = 7C2BFE6C28EE3CB4006A1A99 /* XCTestCase+MemoryLeakTracking.swift */; };
		7C8B8A3729115FF800E4B334 /* FeedImageCell.swift in Sources */ = {isa = PBXBuildFile; fileRef = 7C8B8A3629115FF800E4B334 /* FeedImageCell.swift */; };
		7C8B8A392911A9E200E4B334 /* UIView+Shimmering.swift in Sources */ = {isa = PBXBuildFile; fileRef = 7C8B8A382911A9E200E4B334 /* UIView+Shimmering.swift */; };
		7CA479C22900D3B00021F867 /* LocalFeedLoader.swift in Sources */ = {isa = PBXBuildFile; fileRef = 7CA479C12900D3B00021F867 /* LocalFeedLoader.swift */; };
		7CA479C42900D49F0021F867 /* FeedStore.swift in Sources */ = {isa = PBXBuildFile; fileRef = 7CA479C32900D49F0021F867 /* FeedStore.swift */; };
		7CA479C82901FC2E0021F867 /* LocalFeedImage.swift in Sources */ = {isa = PBXBuildFile; fileRef = 7CA479C72901FC2E0021F867 /* LocalFeedImage.swift */; };
		7CA479CA29021B060021F867 /* LoadFeedFromCacheUseCaseTests.swift in Sources */ = {isa = PBXBuildFile; fileRef = 7CA479C929021B060021F867 /* LoadFeedFromCacheUseCaseTests.swift */; };
		7CA479CD29021CFE0021F867 /* FeedStoreSpy.swift in Sources */ = {isa = PBXBuildFile; fileRef = 7CA479CC29021CFE0021F867 /* FeedStoreSpy.swift */; };
		7CA479CF2903348B0021F867 /* ValidateFeedCacheUseCaseTests.swift in Sources */ = {isa = PBXBuildFile; fileRef = 7CA479CE2903348B0021F867 /* ValidateFeedCacheUseCaseTests.swift */; };
		7CA479D129033A6C0021F867 /* FeedCacheTestHelpers.swift in Sources */ = {isa = PBXBuildFile; fileRef = 7CA479D029033A6C0021F867 /* FeedCacheTestHelpers.swift */; };
		7CA479D329033B770021F867 /* SharedTestsHelpers.swift in Sources */ = {isa = PBXBuildFile; fileRef = 7CA479D229033B770021F867 /* SharedTestsHelpers.swift */; };
		7CA479D52903532E0021F867 /* FeedCachePolicy.swift in Sources */ = {isa = PBXBuildFile; fileRef = 7CA479D42903532E0021F867 /* FeedCachePolicy.swift */; };
		7CABD4E529101E1C00E3137C /* EssentialFeediOS.framework in Frameworks */ = {isa = PBXBuildFile; fileRef = 7CABD4DD29101E1B00E3137C /* EssentialFeediOS.framework */; };
		7CB794792934F7F100EC0DF5 /* FeedImageDataMapper.swift in Sources */ = {isa = PBXBuildFile; fileRef = 7CB794782934F7F100EC0DF5 /* FeedImageDataMapper.swift */; };
		7CB7947C2935082000EC0DF5 /* LoadResourcePresenterTests.swift in Sources */ = {isa = PBXBuildFile; fileRef = 7CB7947B2935082000EC0DF5 /* LoadResourcePresenterTests.swift */; };
		7CB7947F2935090A00EC0DF5 /* LoadResourcePresenter.swift in Sources */ = {isa = PBXBuildFile; fileRef = 7CB7947E2935090A00EC0DF5 /* LoadResourcePresenter.swift */; };
		7CB79483293535F000EC0DF5 /* SharedLocalizationTests.swift in Sources */ = {isa = PBXBuildFile; fileRef = 7CB79482293535F000EC0DF5 /* SharedLocalizationTests.swift */; };
		7CB79484293537B800EC0DF5 /* Shared.strings in Resources */ = {isa = PBXBuildFile; fileRef = 7CB79486293537B800EC0DF5 /* Shared.strings */; };
		7CB7948A29353D0900EC0DF5 /* SharedLocalizationTestHelpers.swift in Sources */ = {isa = PBXBuildFile; fileRef = 7CB7948929353D0900EC0DF5 /* SharedLocalizationTestHelpers.swift */; };
		7CB7948C2935618A00EC0DF5 /* ResourceLoadingView.swift in Sources */ = {isa = PBXBuildFile; fileRef = 7CB7948B2935618A00EC0DF5 /* ResourceLoadingView.swift */; };
		7CB7948E293562E100EC0DF5 /* ResourceErrorView.swift in Sources */ = {isa = PBXBuildFile; fileRef = 7CB7948D293562E100EC0DF5 /* ResourceErrorView.swift */; };
		7CB7949129359D6800EC0DF5 /* ImageCommentsPresenterTests.swift in Sources */ = {isa = PBXBuildFile; fileRef = 7CB7949029359D6800EC0DF5 /* ImageCommentsPresenterTests.swift */; };
		7CB7949429359E7200EC0DF5 /* ImageCommentsPresenter.swift in Sources */ = {isa = PBXBuildFile; fileRef = 7CB7949329359E7200EC0DF5 /* ImageCommentsPresenter.swift */; };
		7CB7949829359FE700EC0DF5 /* ImageCommentsLocalizationTests.swift in Sources */ = {isa = PBXBuildFile; fileRef = 7CB7949729359FE700EC0DF5 /* ImageCommentsLocalizationTests.swift */; };
		7CB794992935A08700EC0DF5 /* ImageComments.strings in Resources */ = {isa = PBXBuildFile; fileRef = 7CB7949B2935A08700EC0DF5 /* ImageComments.strings */; };
		7CB794A42936702A00EC0DF5 /* ListSnapshotTests.swift in Sources */ = {isa = PBXBuildFile; fileRef = 7CB794A32936702A00EC0DF5 /* ListSnapshotTests.swift */; };
		7CB794B22936736000EC0DF5 /* EMPTY_LIST_light.png in Resources */ = {isa = PBXBuildFile; fileRef = 7CB794B02936736000EC0DF5 /* EMPTY_LIST_light.png */; };
		7CB794B32936736000EC0DF5 /* EMPTY_LIST_dark.png in Resources */ = {isa = PBXBuildFile; fileRef = 7CB794B12936736000EC0DF5 /* EMPTY_LIST_dark.png */; };
		7CB794BB2936B05300EC0DF5 /* FEED_WITH_FAILED_IMAGE_LOADING_dark.png in Resources */ = {isa = PBXBuildFile; fileRef = 7CB794B72936B05200EC0DF5 /* FEED_WITH_FAILED_IMAGE_LOADING_dark.png */; };
		7CB794BC2936B05300EC0DF5 /* FEED_WITH_CONTENT_dark.png in Resources */ = {isa = PBXBuildFile; fileRef = 7CB794B82936B05200EC0DF5 /* FEED_WITH_CONTENT_dark.png */; };
		7CB794BD2936B05300EC0DF5 /* FEED_WITH_FAILED_IMAGE_LOADING_light.png in Resources */ = {isa = PBXBuildFile; fileRef = 7CB794B92936B05200EC0DF5 /* FEED_WITH_FAILED_IMAGE_LOADING_light.png */; };
		7CB794BE2936B05300EC0DF5 /* FEED_WITH_CONTENT_light.png in Resources */ = {isa = PBXBuildFile; fileRef = 7CB794BA2936B05200EC0DF5 /* FEED_WITH_CONTENT_light.png */; };
		7CB794C12936B17C00EC0DF5 /* ImageCommentsSnapshotTests.swift in Sources */ = {isa = PBXBuildFile; fileRef = 7CB794C02936B17C00EC0DF5 /* ImageCommentsSnapshotTests.swift */; };
		7CB794C52936B3E900EC0DF5 /* ImageCommentCellController.swift in Sources */ = {isa = PBXBuildFile; fileRef = 7CB794C42936B3E900EC0DF5 /* ImageCommentCellController.swift */; };
		7CB794C82936B53300EC0DF5 /* ImageComments.storyboard in Resources */ = {isa = PBXBuildFile; fileRef = 7CB794C72936B53300EC0DF5 /* ImageComments.storyboard */; };
		7CB794CC2936B7AD00EC0DF5 /* IMAGE_COMMENTS_dark.png in Resources */ = {isa = PBXBuildFile; fileRef = 7CB794CA2936B7AD00EC0DF5 /* IMAGE_COMMENTS_dark.png */; };
		7CB794CD2936B7AD00EC0DF5 /* IMAGE_COMMENTS_light.png in Resources */ = {isa = PBXBuildFile; fileRef = 7CB794CB2936B7AD00EC0DF5 /* IMAGE_COMMENTS_light.png */; };
		7CB794CF2936B95800EC0DF5 /* ImageCommentCell.swift in Sources */ = {isa = PBXBuildFile; fileRef = 7CB794CE2936B95800EC0DF5 /* ImageCommentCell.swift */; };
		7CB794D12936E98C00EC0DF5 /* CellController.swift in Sources */ = {isa = PBXBuildFile; fileRef = 7CB794D02936E98C00EC0DF5 /* CellController.swift */; };
		7CB794D32937B14400EC0DF5 /* LIST_WITH_ERROR_MESSAGE_light_extraExtraExtralarge.png in Resources */ = {isa = PBXBuildFile; fileRef = 7CB794D22937B14400EC0DF5 /* LIST_WITH_ERROR_MESSAGE_light_extraExtraExtralarge.png */; };
		7CB794D52937C0CD00EC0DF5 /* IMAGE_COMMENTS_light_extraExtraExtraLarge.png in Resources */ = {isa = PBXBuildFile; fileRef = 7CB794D42937C0CD00EC0DF5 /* IMAGE_COMMENTS_light_extraExtraExtraLarge.png */; };
		7CB794D72937C21300EC0DF5 /* FEED_WITH_CONTENT_light_extraExtraExtraLarge.png in Resources */ = {isa = PBXBuildFile; fileRef = 7CB794D62937C21300EC0DF5 /* FEED_WITH_CONTENT_light_extraExtraExtraLarge.png */; };
		7CBBFAF02910AD4200380A2C /* ListViewController.swift in Sources */ = {isa = PBXBuildFile; fileRef = 7CBBFAEF2910AD4200380A2C /* ListViewController.swift */; };
		7CC5C75329246C2000A730D8 /* FeedCache.swift in Sources */ = {isa = PBXBuildFile; fileRef = 7CC5C75229246C2000A730D8 /* FeedCache.swift */; };
		7CC5C75D2925414D00A730D8 /* FeedImageDataCache.swift in Sources */ = {isa = PBXBuildFile; fileRef = 7CC5C75C2925414D00A730D8 /* FeedImageDataCache.swift */; };
		7CE1901528E63F1F009A3DA4 /* EssentialFeed.framework in Frameworks */ = {isa = PBXBuildFile; fileRef = 7CE1900A28E63F1F009A3DA4 /* EssentialFeed.framework */; };
		7CE1902528E63F60009A3DA4 /* FeedImage.swift in Sources */ = {isa = PBXBuildFile; fileRef = 7CE1902428E63F60009A3DA4 /* FeedImage.swift */; };
		7CE1902A28E79ABD009A3DA4 /* FeedItemsMapperTests.swift in Sources */ = {isa = PBXBuildFile; fileRef = 7CE1902928E79ABD009A3DA4 /* FeedItemsMapperTests.swift */; };
		7CE9E8F6291B03E80032A5EF /* ErrorView.swift in Sources */ = {isa = PBXBuildFile; fileRef = 7CE9E8F5291B03E80032A5EF /* ErrorView.swift */; };
		7CE9E8FB291B16A10032A5EF /* UIRefreshControl+Helpers.swift in Sources */ = {isa = PBXBuildFile; fileRef = 7CE9E8FA291B16A10032A5EF /* UIRefreshControl+Helpers.swift */; };
		7CE9E8FE291B18F60032A5EF /* FeedPresenterTests.swift in Sources */ = {isa = PBXBuildFile; fileRef = 7CE9E8FD291B18F60032A5EF /* FeedPresenterTests.swift */; };
		7CE9E90A291C14A60032A5EF /* FeedPresenter.swift in Sources */ = {isa = PBXBuildFile; fileRef = 7CE9E909291C14A60032A5EF /* FeedPresenter.swift */; };
		7CE9E90B291C16AC0032A5EF /* Feed.strings in Resources */ = {isa = PBXBuildFile; fileRef = 7CE9E903291B32FC0032A5EF /* Feed.strings */; };
		7CE9E90D291C3F720032A5EF /* FeedViewModel.swift in Sources */ = {isa = PBXBuildFile; fileRef = 7CE9E90C291C3F720032A5EF /* FeedViewModel.swift */; };
		7CE9E90F291C3FDA0032A5EF /* ResourceLoadingViewModel.swift in Sources */ = {isa = PBXBuildFile; fileRef = 7CE9E90E291C3FDA0032A5EF /* ResourceLoadingViewModel.swift */; };
		7CE9E911291C40240032A5EF /* ResourceErrorViewModel.swift in Sources */ = {isa = PBXBuildFile; fileRef = 7CE9E910291C40240032A5EF /* ResourceErrorViewModel.swift */; };
		7CE9E912291C434A0032A5EF /* FeedLocalizationTests.swift in Sources */ = {isa = PBXBuildFile; fileRef = 7C5E8C082917279F003395B8 /* FeedLocalizationTests.swift */; };
		7CE9E914291C4AAD0032A5EF /* FeedImagePresenterTests.swift in Sources */ = {isa = PBXBuildFile; fileRef = 7CE9E913291C4AAD0032A5EF /* FeedImagePresenterTests.swift */; };
		7CE9E916291C624C0032A5EF /* FeedImagePresenter.swift in Sources */ = {isa = PBXBuildFile; fileRef = 7CE9E915291C624C0032A5EF /* FeedImagePresenter.swift */; };
		7CE9E918291C84F00032A5EF /* FeedImageViewModel.swift in Sources */ = {isa = PBXBuildFile; fileRef = 7CE9E917291C84F00032A5EF /* FeedImageViewModel.swift */; };
		7CE9E919291D32B40032A5EF /* FeedImageDataLoader.swift in Sources */ = {isa = PBXBuildFile; fileRef = 7C8B8A6E2912036B00E4B334 /* FeedImageDataLoader.swift */; };
		7CE9E91B291D41BE0032A5EF /* FeedImageDataMapperTests.swift in Sources */ = {isa = PBXBuildFile; fileRef = 7CE9E91A291D41BE0032A5EF /* FeedImageDataMapperTests.swift */; };
		7CE9E923291DBA820032A5EF /* HTTPURLResponse+StatusCode.swift in Sources */ = {isa = PBXBuildFile; fileRef = 7CE9E922291DBA820032A5EF /* HTTPURLResponse+StatusCode.swift */; };
		7CE9E925291DBC1C0032A5EF /* URLProtocolStub.swift in Sources */ = {isa = PBXBuildFile; fileRef = 7CE9E924291DBC1C0032A5EF /* URLProtocolStub.swift */; };
		7CE9E927291E87CA0032A5EF /* LoadFeedImageDataFromCacheUseCaseTests.swift in Sources */ = {isa = PBXBuildFile; fileRef = 7CE9E926291E87CA0032A5EF /* LoadFeedImageDataFromCacheUseCaseTests.swift */; };
		7CE9E929291EA0D60032A5EF /* FeedImageDataStore.swift in Sources */ = {isa = PBXBuildFile; fileRef = 7CE9E928291EA0D60032A5EF /* FeedImageDataStore.swift */; };
		7CE9E92B291EA10F0032A5EF /* LocalFeedImageDataLoader.swift in Sources */ = {isa = PBXBuildFile; fileRef = 7CE9E92A291EA10F0032A5EF /* LocalFeedImageDataLoader.swift */; };
		7CE9E92D291EAB780032A5EF /* FeedImageDataStoreSpy.swift in Sources */ = {isa = PBXBuildFile; fileRef = 7CE9E92C291EAB780032A5EF /* FeedImageDataStoreSpy.swift */; };
		7CE9E92F291EB0590032A5EF /* CacheFeedImageDataUseCaseTests.swift in Sources */ = {isa = PBXBuildFile; fileRef = 7CE9E92E291EB0590032A5EF /* CacheFeedImageDataUseCaseTests.swift */; };
		7CE9E931291EE6490032A5EF /* CoreDataFeedImageDataStoreTests.swift in Sources */ = {isa = PBXBuildFile; fileRef = 7CE9E930291EE6490032A5EF /* CoreDataFeedImageDataStoreTests.swift */; };
		7CE9E934291F01120032A5EF /* CoreDataFeedStore+FeedImageDataLoader.swift in Sources */ = {isa = PBXBuildFile; fileRef = 7CE9E933291F01120032A5EF /* CoreDataFeedStore+FeedImageDataLoader.swift */; };
		7CE9E936291F0B580032A5EF /* CoreDataFeedStore+FeedStore.swift in Sources */ = {isa = PBXBuildFile; fileRef = 7CE9E935291F0B580032A5EF /* CoreDataFeedStore+FeedStore.swift */; };
		7CFFC6BA293004DF00054F68 /* ImageCommentsMapperTests.swift in Sources */ = {isa = PBXBuildFile; fileRef = 7CFFC6B9293004DF00054F68 /* ImageCommentsMapperTests.swift */; };
		7CFFC6BE2930076100054F68 /* ImageCommentsMapper.swift in Sources */ = {isa = PBXBuildFile; fileRef = 7CFFC6BD2930076100054F68 /* ImageCommentsMapper.swift */; };
/* End PBXBuildFile section */

/* Begin PBXContainerItemProxy section */
		7C1BC326290AC4F10048819B /* PBXContainerItemProxy */ = {
			isa = PBXContainerItemProxy;
			containerPortal = 7CE1900128E63F1F009A3DA4 /* Project object */;
			proxyType = 1;
			remoteGlobalIDString = 7CE1900928E63F1F009A3DA4;
			remoteInfo = EssentialFeed;
		};
		7C2BFE7B28EF9EC7006A1A99 /* PBXContainerItemProxy */ = {
			isa = PBXContainerItemProxy;
			containerPortal = 7CE1900128E63F1F009A3DA4 /* Project object */;
			proxyType = 1;
			remoteGlobalIDString = 7CE1900928E63F1F009A3DA4;
			remoteInfo = EssentialFeed;
		};
		7C697DAC2910859500304994 /* PBXContainerItemProxy */ = {
			isa = PBXContainerItemProxy;
			containerPortal = 7CE1900128E63F1F009A3DA4 /* Project object */;
			proxyType = 1;
			remoteGlobalIDString = 7CE1900928E63F1F009A3DA4;
			remoteInfo = EssentialFeed;
		};
		7CABD4E629101E1C00E3137C /* PBXContainerItemProxy */ = {
			isa = PBXContainerItemProxy;
			containerPortal = 7CE1900128E63F1F009A3DA4 /* Project object */;
			proxyType = 1;
			remoteGlobalIDString = 7CABD4DC29101E1B00E3137C;
			remoteInfo = EssentialFeediOS;
		};
		7CE1901628E63F1F009A3DA4 /* PBXContainerItemProxy */ = {
			isa = PBXContainerItemProxy;
			containerPortal = 7CE1900128E63F1F009A3DA4 /* Project object */;
			proxyType = 1;
			remoteGlobalIDString = 7CE1900928E63F1F009A3DA4;
			remoteInfo = EssentialFeed;
		};
/* End PBXContainerItemProxy section */

/* Begin PBXCopyFilesBuildPhase section */
		7C697DAE2910859500304994 /* Embed Frameworks */ = {
			isa = PBXCopyFilesBuildPhase;
			buildActionMask = 2147483647;
			dstPath = "";
			dstSubfolderSpec = 10;
			files = (
				7C697DAB2910859500304994 /* EssentialFeed.framework in Embed Frameworks */,
			);
			name = "Embed Frameworks";
			runOnlyForDeploymentPostprocessing = 0;
		};
/* End PBXCopyFilesBuildPhase section */

/* Begin PBXFileReference section */
		7C00EAA329076B5800CC1FE7 /* CoreDataFeedStoreTests.swift */ = {isa = PBXFileReference; lastKnownFileType = sourcecode.swift; path = CoreDataFeedStoreTests.swift; sourceTree = "<group>"; };
		7C00EAA529076D3F00CC1FE7 /* CoreDataFeedStore.swift */ = {isa = PBXFileReference; lastKnownFileType = sourcecode.swift; path = CoreDataFeedStore.swift; sourceTree = "<group>"; };
		7C00EAA82907704900CC1FE7 /* FeedStore.xcdatamodel */ = {isa = PBXFileReference; lastKnownFileType = wrapper.xcdatamodel; path = FeedStore.xcdatamodel; sourceTree = "<group>"; };
		7C1AFCDD29311E0700E294ED /* ImageComment.swift */ = {isa = PBXFileReference; lastKnownFileType = sourcecode.swift; path = ImageComment.swift; sourceTree = "<group>"; };
		7C1BC317290A0ECC0048819B /* CoreDataHelpers.swift */ = {isa = PBXFileReference; lastKnownFileType = sourcecode.swift; path = CoreDataHelpers.swift; sourceTree = "<group>"; };
		7C1BC319290A0F790048819B /* ManagedCache.swift */ = {isa = PBXFileReference; lastKnownFileType = sourcecode.swift; path = ManagedCache.swift; sourceTree = "<group>"; };
		7C1BC31B290A0FF60048819B /* ManagedFeedImage.swift */ = {isa = PBXFileReference; lastKnownFileType = sourcecode.swift; path = ManagedFeedImage.swift; sourceTree = "<group>"; };
		7C1BC321290AC4F10048819B /* EssentialFeedCacheIntegrationTests.xctest */ = {isa = PBXFileReference; explicitFileType = wrapper.cfbundle; includeInIndex = 0; path = EssentialFeedCacheIntegrationTests.xctest; sourceTree = BUILT_PRODUCTS_DIR; };
		7C1BC323290AC4F10048819B /* EssentialFeedCacheIntegrationTests.swift */ = {isa = PBXFileReference; lastKnownFileType = sourcecode.swift; path = EssentialFeedCacheIntegrationTests.swift; sourceTree = "<group>"; };
		7C1DC1EF28F7407200DDCD51 /* CacheFeedUseCaseTests.swift */ = {isa = PBXFileReference; lastKnownFileType = sourcecode.swift; path = CacheFeedUseCaseTests.swift; sourceTree = "<group>"; };
		7C223B69292588C60089E7FC /* Feed.storyboard */ = {isa = PBXFileReference; fileEncoding = 4; lastKnownFileType = file.storyboard; path = Feed.storyboard; sourceTree = "<group>"; };
		7C223B962927C9FF0089E7FC /* FeedSnapshotsTests.swift */ = {isa = PBXFileReference; lastKnownFileType = sourcecode.swift; path = FeedSnapshotsTests.swift; sourceTree = "<group>"; };
		7C223B992927D8AD0089E7FC /* UIImage+TestHelpers.swift */ = {isa = PBXFileReference; fileEncoding = 4; lastKnownFileType = sourcecode.swift; path = "UIImage+TestHelpers.swift"; sourceTree = "<group>"; };
		7C223B9B2927DCA60089E7FC /* UITableView+HeaderSizing.swift */ = {isa = PBXFileReference; lastKnownFileType = sourcecode.swift; path = "UITableView+HeaderSizing.swift"; sourceTree = "<group>"; };
		7C223B9D2927F7830089E7FC /* UIViewController+Snapshot.swift */ = {isa = PBXFileReference; lastKnownFileType = sourcecode.swift; path = "UIViewController+Snapshot.swift"; sourceTree = "<group>"; };
		7C223B9F2927F80D0089E7FC /* XCTestCase+Snapshot.swift */ = {isa = PBXFileReference; lastKnownFileType = sourcecode.swift; path = "XCTestCase+Snapshot.swift"; sourceTree = "<group>"; };
		7C2BFE6428ECD79E006A1A99 /* HTTPClient.swift */ = {isa = PBXFileReference; lastKnownFileType = sourcecode.swift; path = HTTPClient.swift; sourceTree = "<group>"; };
		7C2BFE6628ECD80B006A1A99 /* FeedItemsMapper.swift */ = {isa = PBXFileReference; lastKnownFileType = sourcecode.swift; path = FeedItemsMapper.swift; sourceTree = "<group>"; };
		7C2BFE6928ED048C006A1A99 /* URLSessionHTTPClientTests.swift */ = {isa = PBXFileReference; lastKnownFileType = sourcecode.swift; path = URLSessionHTTPClientTests.swift; sourceTree = "<group>"; };
		7C2BFE6C28EE3CB4006A1A99 /* XCTestCase+MemoryLeakTracking.swift */ = {isa = PBXFileReference; lastKnownFileType = sourcecode.swift; path = "XCTestCase+MemoryLeakTracking.swift"; sourceTree = "<group>"; };
		7C2BFE6E28EE5ACA006A1A99 /* URLSessionHTTPClient.swift */ = {isa = PBXFileReference; lastKnownFileType = sourcecode.swift; path = URLSessionHTTPClient.swift; sourceTree = "<group>"; };
		7C2BFE7628EF9EC7006A1A99 /* EssentialFeedAPIEndToEndTests.xctest */ = {isa = PBXFileReference; explicitFileType = wrapper.cfbundle; includeInIndex = 0; path = EssentialFeedAPIEndToEndTests.xctest; sourceTree = BUILT_PRODUCTS_DIR; };
		7C2BFE7828EF9EC7006A1A99 /* EssentialFeedAPIEndToEndTests.swift */ = {isa = PBXFileReference; lastKnownFileType = sourcecode.swift; path = EssentialFeedAPIEndToEndTests.swift; sourceTree = "<group>"; };
		7C5CB8052907467700383CF1 /* FeedStoreSpecs.swift */ = {isa = PBXFileReference; lastKnownFileType = sourcecode.swift; path = FeedStoreSpecs.swift; sourceTree = "<group>"; };
		7C5CB8072907472900383CF1 /* XCTestCase+FeedStoreSpecs.swift */ = {isa = PBXFileReference; lastKnownFileType = sourcecode.swift; path = "XCTestCase+FeedStoreSpecs.swift"; sourceTree = "<group>"; };
		7C5CB80929075F7E00383CF1 /* XCTestCase+FailableRetrieveFeedStoreSpecs.swift */ = {isa = PBXFileReference; lastKnownFileType = sourcecode.swift; path = "XCTestCase+FailableRetrieveFeedStoreSpecs.swift"; sourceTree = "<group>"; };
		7C5CB80B2907619E00383CF1 /* XCTestCase+FailableInsertFeedStoreSpecs.swift */ = {isa = PBXFileReference; lastKnownFileType = sourcecode.swift; path = "XCTestCase+FailableInsertFeedStoreSpecs.swift"; sourceTree = "<group>"; };
		7C5CB80D2907625E00383CF1 /* XCTestCase+FailableDeleteFeedStoreSpecs.swift */ = {isa = PBXFileReference; lastKnownFileType = sourcecode.swift; path = "XCTestCase+FailableDeleteFeedStoreSpecs.swift"; sourceTree = "<group>"; };
		7C5E8BE429120DF7003395B8 /* FeedImageCellController.swift */ = {isa = PBXFileReference; lastKnownFileType = sourcecode.swift; path = FeedImageCellController.swift; sourceTree = "<group>"; };
		7C5E8BF829146081003395B8 /* Feed.xcassets */ = {isa = PBXFileReference; lastKnownFileType = folder.assetcatalog; path = Feed.xcassets; sourceTree = "<group>"; };
		7C5E8BFA2914777F003395B8 /* UITableView+Dequeueing.swift */ = {isa = PBXFileReference; lastKnownFileType = sourcecode.swift; path = "UITableView+Dequeueing.swift"; sourceTree = "<group>"; };
		7C5E8BFC291478EF003395B8 /* UIImageView+Animations.swift */ = {isa = PBXFileReference; lastKnownFileType = sourcecode.swift; path = "UIImageView+Animations.swift"; sourceTree = "<group>"; };
		7C5E8C082917279F003395B8 /* FeedLocalizationTests.swift */ = {isa = PBXFileReference; lastKnownFileType = sourcecode.swift; path = FeedLocalizationTests.swift; sourceTree = "<group>"; };
		7C8B8A3629115FF800E4B334 /* FeedImageCell.swift */ = {isa = PBXFileReference; lastKnownFileType = sourcecode.swift; path = FeedImageCell.swift; sourceTree = "<group>"; };
		7C8B8A382911A9E200E4B334 /* UIView+Shimmering.swift */ = {isa = PBXFileReference; lastKnownFileType = sourcecode.swift; path = "UIView+Shimmering.swift"; sourceTree = "<group>"; };
		7C8B8A6E2912036B00E4B334 /* FeedImageDataLoader.swift */ = {isa = PBXFileReference; lastKnownFileType = sourcecode.swift; path = FeedImageDataLoader.swift; sourceTree = "<group>"; };
		7CA479C12900D3B00021F867 /* LocalFeedLoader.swift */ = {isa = PBXFileReference; lastKnownFileType = sourcecode.swift; path = LocalFeedLoader.swift; sourceTree = "<group>"; };
		7CA479C32900D49F0021F867 /* FeedStore.swift */ = {isa = PBXFileReference; lastKnownFileType = sourcecode.swift; path = FeedStore.swift; sourceTree = "<group>"; };
		7CA479C72901FC2E0021F867 /* LocalFeedImage.swift */ = {isa = PBXFileReference; lastKnownFileType = sourcecode.swift; path = LocalFeedImage.swift; sourceTree = "<group>"; };
		7CA479C929021B060021F867 /* LoadFeedFromCacheUseCaseTests.swift */ = {isa = PBXFileReference; lastKnownFileType = sourcecode.swift; path = LoadFeedFromCacheUseCaseTests.swift; sourceTree = "<group>"; };
		7CA479CC29021CFE0021F867 /* FeedStoreSpy.swift */ = {isa = PBXFileReference; lastKnownFileType = sourcecode.swift; path = FeedStoreSpy.swift; sourceTree = "<group>"; };
		7CA479CE2903348B0021F867 /* ValidateFeedCacheUseCaseTests.swift */ = {isa = PBXFileReference; lastKnownFileType = sourcecode.swift; path = ValidateFeedCacheUseCaseTests.swift; sourceTree = "<group>"; };
		7CA479D029033A6C0021F867 /* FeedCacheTestHelpers.swift */ = {isa = PBXFileReference; lastKnownFileType = sourcecode.swift; path = FeedCacheTestHelpers.swift; sourceTree = "<group>"; };
		7CA479D229033B770021F867 /* SharedTestsHelpers.swift */ = {isa = PBXFileReference; lastKnownFileType = sourcecode.swift; path = SharedTestsHelpers.swift; sourceTree = "<group>"; };
		7CA479D42903532E0021F867 /* FeedCachePolicy.swift */ = {isa = PBXFileReference; lastKnownFileType = sourcecode.swift; path = FeedCachePolicy.swift; sourceTree = "<group>"; };
		7CABD4DD29101E1B00E3137C /* EssentialFeediOS.framework */ = {isa = PBXFileReference; explicitFileType = wrapper.framework; includeInIndex = 0; path = EssentialFeediOS.framework; sourceTree = BUILT_PRODUCTS_DIR; };
		7CABD4E429101E1C00E3137C /* EssentialFeediOSTests.xctest */ = {isa = PBXFileReference; explicitFileType = wrapper.cfbundle; includeInIndex = 0; path = EssentialFeediOSTests.xctest; sourceTree = BUILT_PRODUCTS_DIR; };
		7CB794782934F7F100EC0DF5 /* FeedImageDataMapper.swift */ = {isa = PBXFileReference; lastKnownFileType = sourcecode.swift; path = FeedImageDataMapper.swift; sourceTree = "<group>"; };
		7CB7947B2935082000EC0DF5 /* LoadResourcePresenterTests.swift */ = {isa = PBXFileReference; lastKnownFileType = sourcecode.swift; path = LoadResourcePresenterTests.swift; sourceTree = "<group>"; };
		7CB7947E2935090A00EC0DF5 /* LoadResourcePresenter.swift */ = {isa = PBXFileReference; lastKnownFileType = sourcecode.swift; path = LoadResourcePresenter.swift; sourceTree = "<group>"; };
		7CB79482293535F000EC0DF5 /* SharedLocalizationTests.swift */ = {isa = PBXFileReference; lastKnownFileType = sourcecode.swift; path = SharedLocalizationTests.swift; sourceTree = "<group>"; };
		7CB79485293537B800EC0DF5 /* en */ = {isa = PBXFileReference; lastKnownFileType = text.plist.strings; name = en; path = en.lproj/Shared.strings; sourceTree = "<group>"; };
		7CB79487293537BE00EC0DF5 /* pt-BR */ = {isa = PBXFileReference; lastKnownFileType = text.plist.strings; name = "pt-BR"; path = "pt-BR.lproj/Shared.strings"; sourceTree = "<group>"; };
		7CB79488293537C000EC0DF5 /* es */ = {isa = PBXFileReference; lastKnownFileType = text.plist.strings; name = es; path = es.lproj/Shared.strings; sourceTree = "<group>"; };
		7CB7948929353D0900EC0DF5 /* SharedLocalizationTestHelpers.swift */ = {isa = PBXFileReference; lastKnownFileType = sourcecode.swift; path = SharedLocalizationTestHelpers.swift; sourceTree = "<group>"; };
		7CB7948B2935618A00EC0DF5 /* ResourceLoadingView.swift */ = {isa = PBXFileReference; lastKnownFileType = sourcecode.swift; path = ResourceLoadingView.swift; sourceTree = "<group>"; };
		7CB7948D293562E100EC0DF5 /* ResourceErrorView.swift */ = {isa = PBXFileReference; lastKnownFileType = sourcecode.swift; path = ResourceErrorView.swift; sourceTree = "<group>"; };
		7CB7949029359D6800EC0DF5 /* ImageCommentsPresenterTests.swift */ = {isa = PBXFileReference; lastKnownFileType = sourcecode.swift; path = ImageCommentsPresenterTests.swift; sourceTree = "<group>"; };
		7CB7949329359E7200EC0DF5 /* ImageCommentsPresenter.swift */ = {isa = PBXFileReference; lastKnownFileType = sourcecode.swift; path = ImageCommentsPresenter.swift; sourceTree = "<group>"; };
		7CB7949729359FE700EC0DF5 /* ImageCommentsLocalizationTests.swift */ = {isa = PBXFileReference; lastKnownFileType = sourcecode.swift; path = ImageCommentsLocalizationTests.swift; sourceTree = "<group>"; };
		7CB7949A2935A08700EC0DF5 /* en */ = {isa = PBXFileReference; lastKnownFileType = text.plist.strings; name = en; path = en.lproj/ImageComments.strings; sourceTree = "<group>"; };
		7CB7949C2935A08B00EC0DF5 /* pt-BR */ = {isa = PBXFileReference; lastKnownFileType = text.plist.strings; name = "pt-BR"; path = "pt-BR.lproj/ImageComments.strings"; sourceTree = "<group>"; };
		7CB7949D2935A08D00EC0DF5 /* es */ = {isa = PBXFileReference; lastKnownFileType = text.plist.strings; name = es; path = es.lproj/ImageComments.strings; sourceTree = "<group>"; };
		7CB794A32936702A00EC0DF5 /* ListSnapshotTests.swift */ = {isa = PBXFileReference; lastKnownFileType = sourcecode.swift; path = ListSnapshotTests.swift; sourceTree = "<group>"; };
		7CB794B02936736000EC0DF5 /* EMPTY_LIST_light.png */ = {isa = PBXFileReference; lastKnownFileType = image.png; path = EMPTY_LIST_light.png; sourceTree = "<group>"; };
		7CB794B12936736000EC0DF5 /* EMPTY_LIST_dark.png */ = {isa = PBXFileReference; lastKnownFileType = image.png; path = EMPTY_LIST_dark.png; sourceTree = "<group>"; };
		7CB794B42936AEAD00EC0DF5 /* LIST_WITH_ERROR_MESSAGE_light.png */ = {isa = PBXFileReference; lastKnownFileType = image.png; path = LIST_WITH_ERROR_MESSAGE_light.png; sourceTree = "<group>"; };
		7CB794B52936AEAD00EC0DF5 /* LIST_WITH_ERROR_MESSAGE_dark.png */ = {isa = PBXFileReference; lastKnownFileType = image.png; path = LIST_WITH_ERROR_MESSAGE_dark.png; sourceTree = "<group>"; };
		7CB794B72936B05200EC0DF5 /* FEED_WITH_FAILED_IMAGE_LOADING_dark.png */ = {isa = PBXFileReference; lastKnownFileType = image.png; path = FEED_WITH_FAILED_IMAGE_LOADING_dark.png; sourceTree = "<group>"; };
		7CB794B82936B05200EC0DF5 /* FEED_WITH_CONTENT_dark.png */ = {isa = PBXFileReference; lastKnownFileType = image.png; path = FEED_WITH_CONTENT_dark.png; sourceTree = "<group>"; };
		7CB794B92936B05200EC0DF5 /* FEED_WITH_FAILED_IMAGE_LOADING_light.png */ = {isa = PBXFileReference; lastKnownFileType = image.png; path = FEED_WITH_FAILED_IMAGE_LOADING_light.png; sourceTree = "<group>"; };
		7CB794BA2936B05200EC0DF5 /* FEED_WITH_CONTENT_light.png */ = {isa = PBXFileReference; lastKnownFileType = image.png; path = FEED_WITH_CONTENT_light.png; sourceTree = "<group>"; };
		7CB794C02936B17C00EC0DF5 /* ImageCommentsSnapshotTests.swift */ = {isa = PBXFileReference; lastKnownFileType = sourcecode.swift; path = ImageCommentsSnapshotTests.swift; sourceTree = "<group>"; };
		7CB794C42936B3E900EC0DF5 /* ImageCommentCellController.swift */ = {isa = PBXFileReference; lastKnownFileType = sourcecode.swift; path = ImageCommentCellController.swift; sourceTree = "<group>"; };
		7CB794C72936B53300EC0DF5 /* ImageComments.storyboard */ = {isa = PBXFileReference; lastKnownFileType = file.storyboard; path = ImageComments.storyboard; sourceTree = "<group>"; };
		7CB794CA2936B7AD00EC0DF5 /* IMAGE_COMMENTS_dark.png */ = {isa = PBXFileReference; lastKnownFileType = image.png; path = IMAGE_COMMENTS_dark.png; sourceTree = "<group>"; };
		7CB794CB2936B7AD00EC0DF5 /* IMAGE_COMMENTS_light.png */ = {isa = PBXFileReference; lastKnownFileType = image.png; path = IMAGE_COMMENTS_light.png; sourceTree = "<group>"; };
		7CB794CE2936B95800EC0DF5 /* ImageCommentCell.swift */ = {isa = PBXFileReference; lastKnownFileType = sourcecode.swift; path = ImageCommentCell.swift; sourceTree = "<group>"; };
		7CB794D02936E98C00EC0DF5 /* CellController.swift */ = {isa = PBXFileReference; lastKnownFileType = sourcecode.swift; path = CellController.swift; sourceTree = "<group>"; };
		7CB794D22937B14400EC0DF5 /* LIST_WITH_ERROR_MESSAGE_light_extraExtraExtralarge.png */ = {isa = PBXFileReference; lastKnownFileType = image.png; path = LIST_WITH_ERROR_MESSAGE_light_extraExtraExtralarge.png; sourceTree = "<group>"; };
		7CB794D42937C0CD00EC0DF5 /* IMAGE_COMMENTS_light_extraExtraExtraLarge.png */ = {isa = PBXFileReference; lastKnownFileType = image.png; path = IMAGE_COMMENTS_light_extraExtraExtraLarge.png; sourceTree = "<group>"; };
		7CB794D62937C21300EC0DF5 /* FEED_WITH_CONTENT_light_extraExtraExtraLarge.png */ = {isa = PBXFileReference; lastKnownFileType = image.png; path = FEED_WITH_CONTENT_light_extraExtraExtraLarge.png; sourceTree = "<group>"; };
		7CBBFAEF2910AD4200380A2C /* ListViewController.swift */ = {isa = PBXFileReference; lastKnownFileType = sourcecode.swift; path = ListViewController.swift; sourceTree = "<group>"; };
		7CC5C75229246C2000A730D8 /* FeedCache.swift */ = {isa = PBXFileReference; lastKnownFileType = sourcecode.swift; path = FeedCache.swift; sourceTree = "<group>"; };
		7CC5C75C2925414D00A730D8 /* FeedImageDataCache.swift */ = {isa = PBXFileReference; lastKnownFileType = sourcecode.swift; path = FeedImageDataCache.swift; sourceTree = "<group>"; };
		7CE1900A28E63F1F009A3DA4 /* EssentialFeed.framework */ = {isa = PBXFileReference; explicitFileType = wrapper.framework; includeInIndex = 0; path = EssentialFeed.framework; sourceTree = BUILT_PRODUCTS_DIR; };
		7CE1901428E63F1F009A3DA4 /* EssentialFeedTests.xctest */ = {isa = PBXFileReference; explicitFileType = wrapper.cfbundle; includeInIndex = 0; path = EssentialFeedTests.xctest; sourceTree = BUILT_PRODUCTS_DIR; };
		7CE1902428E63F60009A3DA4 /* FeedImage.swift */ = {isa = PBXFileReference; lastKnownFileType = sourcecode.swift; path = FeedImage.swift; sourceTree = "<group>"; };
		7CE1902928E79ABD009A3DA4 /* FeedItemsMapperTests.swift */ = {isa = PBXFileReference; lastKnownFileType = sourcecode.swift; path = FeedItemsMapperTests.swift; sourceTree = "<group>"; };
		7CE9E8F5291B03E80032A5EF /* ErrorView.swift */ = {isa = PBXFileReference; lastKnownFileType = sourcecode.swift; path = ErrorView.swift; sourceTree = "<group>"; };
		7CE9E8FA291B16A10032A5EF /* UIRefreshControl+Helpers.swift */ = {isa = PBXFileReference; lastKnownFileType = sourcecode.swift; path = "UIRefreshControl+Helpers.swift"; sourceTree = "<group>"; };
		7CE9E8FD291B18F60032A5EF /* FeedPresenterTests.swift */ = {isa = PBXFileReference; lastKnownFileType = sourcecode.swift; path = FeedPresenterTests.swift; sourceTree = "<group>"; };
		7CE9E902291B32FC0032A5EF /* en */ = {isa = PBXFileReference; lastKnownFileType = text.plist.strings; name = en; path = en.lproj/Feed.strings; sourceTree = "<group>"; };
		7CE9E904291B32FE0032A5EF /* pt-BR */ = {isa = PBXFileReference; lastKnownFileType = text.plist.strings; name = "pt-BR"; path = "pt-BR.lproj/Feed.strings"; sourceTree = "<group>"; };
		7CE9E905291B32FF0032A5EF /* es */ = {isa = PBXFileReference; lastKnownFileType = text.plist.strings; name = es; path = es.lproj/Feed.strings; sourceTree = "<group>"; };
		7CE9E909291C14A60032A5EF /* FeedPresenter.swift */ = {isa = PBXFileReference; lastKnownFileType = sourcecode.swift; path = FeedPresenter.swift; sourceTree = "<group>"; };
		7CE9E90C291C3F720032A5EF /* FeedViewModel.swift */ = {isa = PBXFileReference; lastKnownFileType = sourcecode.swift; path = FeedViewModel.swift; sourceTree = "<group>"; };
		7CE9E90E291C3FDA0032A5EF /* ResourceLoadingViewModel.swift */ = {isa = PBXFileReference; lastKnownFileType = sourcecode.swift; path = ResourceLoadingViewModel.swift; sourceTree = "<group>"; };
		7CE9E910291C40240032A5EF /* ResourceErrorViewModel.swift */ = {isa = PBXFileReference; lastKnownFileType = sourcecode.swift; path = ResourceErrorViewModel.swift; sourceTree = "<group>"; };
		7CE9E913291C4AAD0032A5EF /* FeedImagePresenterTests.swift */ = {isa = PBXFileReference; lastKnownFileType = sourcecode.swift; path = FeedImagePresenterTests.swift; sourceTree = "<group>"; };
		7CE9E915291C624C0032A5EF /* FeedImagePresenter.swift */ = {isa = PBXFileReference; lastKnownFileType = sourcecode.swift; path = FeedImagePresenter.swift; sourceTree = "<group>"; };
		7CE9E917291C84F00032A5EF /* FeedImageViewModel.swift */ = {isa = PBXFileReference; lastKnownFileType = sourcecode.swift; path = FeedImageViewModel.swift; sourceTree = "<group>"; };
		7CE9E91A291D41BE0032A5EF /* FeedImageDataMapperTests.swift */ = {isa = PBXFileReference; lastKnownFileType = sourcecode.swift; path = FeedImageDataMapperTests.swift; sourceTree = "<group>"; };
		7CE9E922291DBA820032A5EF /* HTTPURLResponse+StatusCode.swift */ = {isa = PBXFileReference; lastKnownFileType = sourcecode.swift; path = "HTTPURLResponse+StatusCode.swift"; sourceTree = "<group>"; };
		7CE9E924291DBC1C0032A5EF /* URLProtocolStub.swift */ = {isa = PBXFileReference; lastKnownFileType = sourcecode.swift; path = URLProtocolStub.swift; sourceTree = "<group>"; };
		7CE9E926291E87CA0032A5EF /* LoadFeedImageDataFromCacheUseCaseTests.swift */ = {isa = PBXFileReference; lastKnownFileType = sourcecode.swift; path = LoadFeedImageDataFromCacheUseCaseTests.swift; sourceTree = "<group>"; };
		7CE9E928291EA0D60032A5EF /* FeedImageDataStore.swift */ = {isa = PBXFileReference; lastKnownFileType = sourcecode.swift; path = FeedImageDataStore.swift; sourceTree = "<group>"; };
		7CE9E92A291EA10F0032A5EF /* LocalFeedImageDataLoader.swift */ = {isa = PBXFileReference; lastKnownFileType = sourcecode.swift; path = LocalFeedImageDataLoader.swift; sourceTree = "<group>"; };
		7CE9E92C291EAB780032A5EF /* FeedImageDataStoreSpy.swift */ = {isa = PBXFileReference; lastKnownFileType = sourcecode.swift; path = FeedImageDataStoreSpy.swift; sourceTree = "<group>"; };
		7CE9E92E291EB0590032A5EF /* CacheFeedImageDataUseCaseTests.swift */ = {isa = PBXFileReference; lastKnownFileType = sourcecode.swift; path = CacheFeedImageDataUseCaseTests.swift; sourceTree = "<group>"; };
		7CE9E930291EE6490032A5EF /* CoreDataFeedImageDataStoreTests.swift */ = {isa = PBXFileReference; lastKnownFileType = sourcecode.swift; path = CoreDataFeedImageDataStoreTests.swift; sourceTree = "<group>"; };
		7CE9E932291EED280032A5EF /* FeedStore2.xcdatamodel */ = {isa = PBXFileReference; lastKnownFileType = wrapper.xcdatamodel; path = FeedStore2.xcdatamodel; sourceTree = "<group>"; };
		7CE9E933291F01120032A5EF /* CoreDataFeedStore+FeedImageDataLoader.swift */ = {isa = PBXFileReference; lastKnownFileType = sourcecode.swift; path = "CoreDataFeedStore+FeedImageDataLoader.swift"; sourceTree = "<group>"; };
		7CE9E935291F0B580032A5EF /* CoreDataFeedStore+FeedStore.swift */ = {isa = PBXFileReference; lastKnownFileType = sourcecode.swift; path = "CoreDataFeedStore+FeedStore.swift"; sourceTree = "<group>"; };
		7CFFC6B9293004DF00054F68 /* ImageCommentsMapperTests.swift */ = {isa = PBXFileReference; lastKnownFileType = sourcecode.swift; path = ImageCommentsMapperTests.swift; sourceTree = "<group>"; };
		7CFFC6BD2930076100054F68 /* ImageCommentsMapper.swift */ = {isa = PBXFileReference; lastKnownFileType = sourcecode.swift; path = ImageCommentsMapper.swift; sourceTree = "<group>"; };
/* End PBXFileReference section */

/* Begin PBXFrameworksBuildPhase section */
		7C1BC31E290AC4F10048819B /* Frameworks */ = {
			isa = PBXFrameworksBuildPhase;
			buildActionMask = 2147483647;
			files = (
				7C1BC325290AC4F10048819B /* EssentialFeed.framework in Frameworks */,
			);
			runOnlyForDeploymentPostprocessing = 0;
		};
		7C2BFE7328EF9EC7006A1A99 /* Frameworks */ = {
			isa = PBXFrameworksBuildPhase;
			buildActionMask = 2147483647;
			files = (
				7C2BFE7A28EF9EC7006A1A99 /* EssentialFeed.framework in Frameworks */,
			);
			runOnlyForDeploymentPostprocessing = 0;
		};
		7CABD4DA29101E1B00E3137C /* Frameworks */ = {
			isa = PBXFrameworksBuildPhase;
			buildActionMask = 2147483647;
			files = (
				7C697DAA2910859500304994 /* EssentialFeed.framework in Frameworks */,
			);
			runOnlyForDeploymentPostprocessing = 0;
		};
		7CABD4E129101E1B00E3137C /* Frameworks */ = {
			isa = PBXFrameworksBuildPhase;
			buildActionMask = 2147483647;
			files = (
				7CABD4E529101E1C00E3137C /* EssentialFeediOS.framework in Frameworks */,
			);
			runOnlyForDeploymentPostprocessing = 0;
		};
		7CE1900728E63F1F009A3DA4 /* Frameworks */ = {
			isa = PBXFrameworksBuildPhase;
			buildActionMask = 2147483647;
			files = (
			);
			runOnlyForDeploymentPostprocessing = 0;
		};
		7CE1901128E63F1F009A3DA4 /* Frameworks */ = {
			isa = PBXFrameworksBuildPhase;
			buildActionMask = 2147483647;
			files = (
				7CE1901528E63F1F009A3DA4 /* EssentialFeed.framework in Frameworks */,
			);
			runOnlyForDeploymentPostprocessing = 0;
		};
/* End PBXFrameworksBuildPhase section */

/* Begin PBXGroup section */
		7C1AFCDF293120B400E294ED /* Image Comments Feature */ = {
			isa = PBXGroup;
			children = (
				7C1AFCDD29311E0700E294ED /* ImageComment.swift */,
			);
			path = "Image Comments Feature";
			sourceTree = "<group>";
		};
		7C1AFCE029312A7B00E294ED /* Shared API */ = {
			isa = PBXGroup;
			children = (
				7C2BFE6428ECD79E006A1A99 /* HTTPClient.swift */,
			);
			path = "Shared API";
			sourceTree = "<group>";
		};
		7C1AFCE129312ACA00E294ED /* Shared API Infra */ = {
			isa = PBXGroup;
			children = (
				7C2BFE6E28EE5ACA006A1A99 /* URLSessionHTTPClient.swift */,
			);
			path = "Shared API Infra";
			sourceTree = "<group>";
		};
		7C1AFCE429312B5D00E294ED /* Shared API Infra */ = {
			isa = PBXGroup;
			children = (
				7CE9E91C291DAE740032A5EF /* Helpers */,
				7C2BFE6928ED048C006A1A99 /* URLSessionHTTPClientTests.swift */,
			);
			path = "Shared API Infra";
			sourceTree = "<group>";
		};
		7C1AFCE529312C7300E294ED /* Image Comments API */ = {
			isa = PBXGroup;
			children = (
				7CFFC6BD2930076100054F68 /* ImageCommentsMapper.swift */,
			);
			path = "Image Comments API";
			sourceTree = "<group>";
		};
		7C1AFCE629312CDB00E294ED /* Image Comments API */ = {
			isa = PBXGroup;
			children = (
				7CFFC6B9293004DF00054F68 /* ImageCommentsMapperTests.swift */,
			);
			path = "Image Comments API";
			sourceTree = "<group>";
		};
		7C1BC314290A0C710048819B /* Infrastructure */ = {
			isa = PBXGroup;
			children = (
				7C1BC315290A0C7E0048819B /* CoreData */,
			);
			path = Infrastructure;
			sourceTree = "<group>";
		};
		7C1BC315290A0C7E0048819B /* CoreData */ = {
			isa = PBXGroup;
			children = (
				7C00EAA529076D3F00CC1FE7 /* CoreDataFeedStore.swift */,
				7CE9E935291F0B580032A5EF /* CoreDataFeedStore+FeedStore.swift */,
				7CE9E933291F01120032A5EF /* CoreDataFeedStore+FeedImageDataLoader.swift */,
				7C1BC317290A0ECC0048819B /* CoreDataHelpers.swift */,
				7C1BC319290A0F790048819B /* ManagedCache.swift */,
				7C1BC31B290A0FF60048819B /* ManagedFeedImage.swift */,
				7C00EAA72907704900CC1FE7 /* FeedStore.xcdatamodeld */,
			);
			path = CoreData;
			sourceTree = "<group>";
		};
		7C1BC322290AC4F10048819B /* EssentialFeedCacheIntegrationTests */ = {
			isa = PBXGroup;
			children = (
				7C1BC323290AC4F10048819B /* EssentialFeedCacheIntegrationTests.swift */,
			);
			path = EssentialFeedCacheIntegrationTests;
			sourceTree = "<group>";
		};
		7C1DC1EE28F7403500DDCD51 /* Feed Cache */ = {
			isa = PBXGroup;
			children = (
				7CA479CB29021CDE0021F867 /* Helpers */,
				7C5CB80F290762F000383CF1 /* FeedStoreSpecs */,
				7C1DC1EF28F7407200DDCD51 /* CacheFeedUseCaseTests.swift */,
				7CA479C929021B060021F867 /* LoadFeedFromCacheUseCaseTests.swift */,
				7CA479CE2903348B0021F867 /* ValidateFeedCacheUseCaseTests.swift */,
				7C00EAA329076B5800CC1FE7 /* CoreDataFeedStoreTests.swift */,
				7CE9E92E291EB0590032A5EF /* CacheFeedImageDataUseCaseTests.swift */,
				7CE9E926291E87CA0032A5EF /* LoadFeedImageDataFromCacheUseCaseTests.swift */,
				7CE9E930291EE6490032A5EF /* CoreDataFeedImageDataStoreTests.swift */,
			);
			path = "Feed Cache";
			sourceTree = "<group>";
		};
		7C223B952927C9AB0089E7FC /* EssentialFeediOSTests */ = {
			isa = PBXGroup;
			children = (
				7C223B982927D8990089E7FC /* Helpers */,
				7CB794A229366F5E00EC0DF5 /* Shared UI */,
				7CB794BF2936B14500EC0DF5 /* Image Comments UI */,
				7CB794A52936705300EC0DF5 /* Feed UI */,
			);
			path = EssentialFeediOSTests;
			sourceTree = "<group>";
		};
		7C223B982927D8990089E7FC /* Helpers */ = {
			isa = PBXGroup;
			children = (
				7C223B992927D8AD0089E7FC /* UIImage+TestHelpers.swift */,
				7C223B9D2927F7830089E7FC /* UIViewController+Snapshot.swift */,
				7C223B9F2927F80D0089E7FC /* XCTestCase+Snapshot.swift */,
			);
			path = Helpers;
			sourceTree = "<group>";
		};
		7C2BFE6828ECE0C0006A1A99 /* Feed API */ = {
			isa = PBXGroup;
			children = (
				7CE1902928E79ABD009A3DA4 /* FeedItemsMapperTests.swift */,
				7CE9E91A291D41BE0032A5EF /* FeedImageDataMapperTests.swift */,
			);
			path = "Feed API";
			sourceTree = "<group>";
		};
		7C2BFE6B28EE3C85006A1A99 /* Helpers */ = {
			isa = PBXGroup;
			children = (
				7C2BFE6C28EE3CB4006A1A99 /* XCTestCase+MemoryLeakTracking.swift */,
				7CA479D229033B770021F867 /* SharedTestsHelpers.swift */,
				7CB7948929353D0900EC0DF5 /* SharedLocalizationTestHelpers.swift */,
			);
			path = Helpers;
			sourceTree = "<group>";
		};
		7C2BFE7728EF9EC7006A1A99 /* EssentialFeedAPIEndToEndTests */ = {
			isa = PBXGroup;
			children = (
				7C2BFE7828EF9EC7006A1A99 /* EssentialFeedAPIEndToEndTests.swift */,
			);
			path = EssentialFeedAPIEndToEndTests;
			sourceTree = "<group>";
		};
		7C5CB80F290762F000383CF1 /* FeedStoreSpecs */ = {
			isa = PBXGroup;
			children = (
				7C5CB8052907467700383CF1 /* FeedStoreSpecs.swift */,
				7C5CB8072907472900383CF1 /* XCTestCase+FeedStoreSpecs.swift */,
				7C5CB80929075F7E00383CF1 /* XCTestCase+FailableRetrieveFeedStoreSpecs.swift */,
				7C5CB80B2907619E00383CF1 /* XCTestCase+FailableInsertFeedStoreSpecs.swift */,
				7C5CB80D2907625E00383CF1 /* XCTestCase+FailableDeleteFeedStoreSpecs.swift */,
			);
			path = FeedStoreSpecs;
			sourceTree = "<group>";
		};
		7C697DA92910859500304994 /* Frameworks */ = {
			isa = PBXGroup;
			children = (
			);
			name = Frameworks;
			sourceTree = "<group>";
		};
		7C8B8A5F2912001300E4B334 /* Controllers */ = {
			isa = PBXGroup;
			children = (
				7C5E8BE429120DF7003395B8 /* FeedImageCellController.swift */,
			);
			path = Controllers;
			sourceTree = "<group>";
		};
		7C8B8A602912001C00E4B334 /* Views */ = {
			isa = PBXGroup;
			children = (
				7CE9E8F7291B15BD0032A5EF /* Helpers */,
				7C8B8A3629115FF800E4B334 /* FeedImageCell.swift */,
				7C223B69292588C60089E7FC /* Feed.storyboard */,
				7C5E8BF829146081003395B8 /* Feed.xcassets */,
			);
			path = Views;
			sourceTree = "<group>";
		};
		7C8B8A6B291202C800E4B334 /* Feed UI */ = {
			isa = PBXGroup;
			children = (
				7C8B8A5F2912001300E4B334 /* Controllers */,
				7C8B8A602912001C00E4B334 /* Views */,
			);
			path = "Feed UI";
			sourceTree = "<group>";
		};
		7CA479C02900D38F0021F867 /* Feed Cache */ = {
			isa = PBXGroup;
			children = (
				7C1BC314290A0C710048819B /* Infrastructure */,
				7CA479C72901FC2E0021F867 /* LocalFeedImage.swift */,
				7CA479D42903532E0021F867 /* FeedCachePolicy.swift */,
				7CA479C32900D49F0021F867 /* FeedStore.swift */,
				7CA479C12900D3B00021F867 /* LocalFeedLoader.swift */,
				7CE9E928291EA0D60032A5EF /* FeedImageDataStore.swift */,
				7CE9E92A291EA10F0032A5EF /* LocalFeedImageDataLoader.swift */,
			);
			path = "Feed Cache";
			sourceTree = "<group>";
		};
		7CA479CB29021CDE0021F867 /* Helpers */ = {
			isa = PBXGroup;
			children = (
				7CA479CC29021CFE0021F867 /* FeedStoreSpy.swift */,
				7CA479D029033A6C0021F867 /* FeedCacheTestHelpers.swift */,
				7CE9E92C291EAB780032A5EF /* FeedImageDataStoreSpy.swift */,
			);
			path = Helpers;
			sourceTree = "<group>";
		};
		7CABD4DE29101E1B00E3137C /* EssentialFeediOS */ = {
			isa = PBXGroup;
			children = (
				7CB7949E29366E0400EC0DF5 /* Shared UI */,
				7CB794C22936B3BD00EC0DF5 /* Image Comments UI */,
				7C8B8A6B291202C800E4B334 /* Feed UI */,
			);
			path = EssentialFeediOS;
			sourceTree = "<group>";
		};
		7CB7947A293507F100EC0DF5 /* Shared Presentation */ = {
			isa = PBXGroup;
			children = (
				7CB7947B2935082000EC0DF5 /* LoadResourcePresenterTests.swift */,
				7CB79482293535F000EC0DF5 /* SharedLocalizationTests.swift */,
			);
			path = "Shared Presentation";
			sourceTree = "<group>";
		};
		7CB7947D293508EE00EC0DF5 /* SharedPresentation */ = {
			isa = PBXGroup;
			children = (
				7CB7947E2935090A00EC0DF5 /* LoadResourcePresenter.swift */,
				7CB7948B2935618A00EC0DF5 /* ResourceLoadingView.swift */,
				7CE9E90E291C3FDA0032A5EF /* ResourceLoadingViewModel.swift */,
				7CB7948D293562E100EC0DF5 /* ResourceErrorView.swift */,
				7CE9E910291C40240032A5EF /* ResourceErrorViewModel.swift */,
				7CB79486293537B800EC0DF5 /* Shared.strings */,
			);
			path = SharedPresentation;
			sourceTree = "<group>";
		};
		7CB7948F293598E000EC0DF5 /* Image Comments Presentation */ = {
			isa = PBXGroup;
			children = (
				7CB7949029359D6800EC0DF5 /* ImageCommentsPresenterTests.swift */,
				7CB7949729359FE700EC0DF5 /* ImageCommentsLocalizationTests.swift */,
			);
			path = "Image Comments Presentation";
			sourceTree = "<group>";
		};
		7CB7949229359E3200EC0DF5 /* Image Comments Presentation */ = {
			isa = PBXGroup;
			children = (
				7CB7949329359E7200EC0DF5 /* ImageCommentsPresenter.swift */,
				7CB7949B2935A08700EC0DF5 /* ImageComments.strings */,
			);
			path = "Image Comments Presentation";
			sourceTree = "<group>";
		};
		7CB7949E29366E0400EC0DF5 /* Shared UI */ = {
			isa = PBXGroup;
			children = (
				7CB7949F29366E0B00EC0DF5 /* Controllers */,
				7CB794A029366E3600EC0DF5 /* Views */,
			);
			path = "Shared UI";
			sourceTree = "<group>";
		};
		7CB7949F29366E0B00EC0DF5 /* Controllers */ = {
			isa = PBXGroup;
			children = (
				7CBBFAEF2910AD4200380A2C /* ListViewController.swift */,
				7CB794D02936E98C00EC0DF5 /* CellController.swift */,
			);
			path = Controllers;
			sourceTree = "<group>";
		};
		7CB794A029366E3600EC0DF5 /* Views */ = {
			isa = PBXGroup;
			children = (
				7CB794A129366EA300EC0DF5 /* Helpers */,
				7CE9E8F5291B03E80032A5EF /* ErrorView.swift */,
			);
			path = Views;
			sourceTree = "<group>";
		};
		7CB794A129366EA300EC0DF5 /* Helpers */ = {
			isa = PBXGroup;
			children = (
				7C5E8BFA2914777F003395B8 /* UITableView+Dequeueing.swift */,
				7C223B9B2927DCA60089E7FC /* UITableView+HeaderSizing.swift */,
				7CE9E8FA291B16A10032A5EF /* UIRefreshControl+Helpers.swift */,
			);
			path = Helpers;
			sourceTree = "<group>";
		};
		7CB794A229366F5E00EC0DF5 /* Shared UI */ = {
			isa = PBXGroup;
			children = (
				7CB794AB293672E700EC0DF5 /* snapshots */,
				7CB794A32936702A00EC0DF5 /* ListSnapshotTests.swift */,
			);
			path = "Shared UI";
			sourceTree = "<group>";
		};
		7CB794A52936705300EC0DF5 /* Feed UI */ = {
			isa = PBXGroup;
			children = (
				7CB794B62936B03100EC0DF5 /* snapshots */,
				7C223B962927C9FF0089E7FC /* FeedSnapshotsTests.swift */,
			);
			path = "Feed UI";
			sourceTree = "<group>";
		};
		7CB794AB293672E700EC0DF5 /* snapshots */ = {
			isa = PBXGroup;
			children = (
				7CB794B12936736000EC0DF5 /* EMPTY_LIST_dark.png */,
				7CB794B02936736000EC0DF5 /* EMPTY_LIST_light.png */,
				7CB794B52936AEAD00EC0DF5 /* LIST_WITH_ERROR_MESSAGE_dark.png */,
				7CB794B42936AEAD00EC0DF5 /* LIST_WITH_ERROR_MESSAGE_light.png */,
				7CB794D22937B14400EC0DF5 /* LIST_WITH_ERROR_MESSAGE_light_extraExtraExtralarge.png */,
			);
			path = snapshots;
			sourceTree = "<group>";
		};
		7CB794B62936B03100EC0DF5 /* snapshots */ = {
			isa = PBXGroup;
			children = (
				7CB794B72936B05200EC0DF5 /* FEED_WITH_FAILED_IMAGE_LOADING_dark.png */,
				7CB794B92936B05200EC0DF5 /* FEED_WITH_FAILED_IMAGE_LOADING_light.png */,
				7CB794B82936B05200EC0DF5 /* FEED_WITH_CONTENT_dark.png */,
				7CB794BA2936B05200EC0DF5 /* FEED_WITH_CONTENT_light.png */,
				7CB794D62937C21300EC0DF5 /* FEED_WITH_CONTENT_light_extraExtraExtraLarge.png */,
			);
			path = snapshots;
			sourceTree = "<group>";
		};
		7CB794BF2936B14500EC0DF5 /* Image Comments UI */ = {
			isa = PBXGroup;
			children = (
				7CB794C92936B72400EC0DF5 /* snapshots */,
				7CB794C02936B17C00EC0DF5 /* ImageCommentsSnapshotTests.swift */,
			);
			path = "Image Comments UI";
			sourceTree = "<group>";
		};
		7CB794C22936B3BD00EC0DF5 /* Image Comments UI */ = {
			isa = PBXGroup;
			children = (
				7CB794C32936B3D600EC0DF5 /* Controllers */,
				7CB794C62936B51400EC0DF5 /* Views */,
			);
			path = "Image Comments UI";
			sourceTree = "<group>";
		};
		7CB794C32936B3D600EC0DF5 /* Controllers */ = {
			isa = PBXGroup;
			children = (
				7CB794C42936B3E900EC0DF5 /* ImageCommentCellController.swift */,
			);
			path = Controllers;
			sourceTree = "<group>";
		};
		7CB794C62936B51400EC0DF5 /* Views */ = {
			isa = PBXGroup;
			children = (
				7CB794CE2936B95800EC0DF5 /* ImageCommentCell.swift */,
				7CB794C72936B53300EC0DF5 /* ImageComments.storyboard */,
			);
			path = Views;
			sourceTree = "<group>";
		};
		7CB794C92936B72400EC0DF5 /* snapshots */ = {
			isa = PBXGroup;
			children = (
				7CB794CA2936B7AD00EC0DF5 /* IMAGE_COMMENTS_dark.png */,
				7CB794CB2936B7AD00EC0DF5 /* IMAGE_COMMENTS_light.png */,
				7CB794D42937C0CD00EC0DF5 /* IMAGE_COMMENTS_light_extraExtraExtraLarge.png */,
			);
			path = snapshots;
			sourceTree = "<group>";
		};
		7CE1900028E63F1F009A3DA4 = {
			isa = PBXGroup;
			children = (
				7CE1900C28E63F1F009A3DA4 /* EssentialFeed */,
				7CE1901828E63F1F009A3DA4 /* EssentialFeedTests */,
				7C2BFE7728EF9EC7006A1A99 /* EssentialFeedAPIEndToEndTests */,
				7C1BC322290AC4F10048819B /* EssentialFeedCacheIntegrationTests */,
				7CABD4DE29101E1B00E3137C /* EssentialFeediOS */,
				7C223B952927C9AB0089E7FC /* EssentialFeediOSTests */,
				7CE1900B28E63F1F009A3DA4 /* Products */,
				7C697DA92910859500304994 /* Frameworks */,
			);
			sourceTree = "<group>";
		};
		7CE1900B28E63F1F009A3DA4 /* Products */ = {
			isa = PBXGroup;
			children = (
				7CE1900A28E63F1F009A3DA4 /* EssentialFeed.framework */,
				7CE1901428E63F1F009A3DA4 /* EssentialFeedTests.xctest */,
				7C2BFE7628EF9EC7006A1A99 /* EssentialFeedAPIEndToEndTests.xctest */,
				7C1BC321290AC4F10048819B /* EssentialFeedCacheIntegrationTests.xctest */,
				7CABD4DD29101E1B00E3137C /* EssentialFeediOS.framework */,
				7CABD4E429101E1C00E3137C /* EssentialFeediOSTests.xctest */,
			);
			name = Products;
			sourceTree = "<group>";
		};
		7CE1900C28E63F1F009A3DA4 /* EssentialFeed */ = {
			isa = PBXGroup;
			children = (
				7CB7947D293508EE00EC0DF5 /* SharedPresentation */,
				7C1AFCE029312A7B00E294ED /* Shared API */,
				7C1AFCE129312ACA00E294ED /* Shared API Infra */,
				7C1AFCDF293120B400E294ED /* Image Comments Feature */,
				7C1AFCE529312C7300E294ED /* Image Comments API */,
				7CB7949229359E3200EC0DF5 /* Image Comments Presentation */,
				7CE1902828E6425F009A3DA4 /* Feed Feature */,
				7CE1902B28E7B5A8009A3DA4 /* Feed API */,
				7CA479C02900D38F0021F867 /* Feed Cache */,
				7CE9E908291C147F0032A5EF /* Feed Presentation */,
			);
			path = EssentialFeed;
			sourceTree = "<group>";
		};
		7CE1901828E63F1F009A3DA4 /* EssentialFeedTests */ = {
			isa = PBXGroup;
			children = (
				7C2BFE6B28EE3C85006A1A99 /* Helpers */,
				7CB7947A293507F100EC0DF5 /* Shared Presentation */,
				7C1AFCE429312B5D00E294ED /* Shared API Infra */,
				7C1AFCE629312CDB00E294ED /* Image Comments API */,
				7CB7948F293598E000EC0DF5 /* Image Comments Presentation */,
				7C2BFE6828ECE0C0006A1A99 /* Feed API */,
				7C1DC1EE28F7403500DDCD51 /* Feed Cache */,
				7CE9E8FC291B18C30032A5EF /* Feed Presentation */,
			);
			path = EssentialFeedTests;
			sourceTree = "<group>";
		};
		7CE1902828E6425F009A3DA4 /* Feed Feature */ = {
			isa = PBXGroup;
			children = (
				7CE1902428E63F60009A3DA4 /* FeedImage.swift */,
				7CC5C75229246C2000A730D8 /* FeedCache.swift */,
				7C8B8A6E2912036B00E4B334 /* FeedImageDataLoader.swift */,
				7CC5C75C2925414D00A730D8 /* FeedImageDataCache.swift */,
			);
			path = "Feed Feature";
			sourceTree = "<group>";
		};
		7CE1902B28E7B5A8009A3DA4 /* Feed API */ = {
			isa = PBXGroup;
			children = (
				7CE9E921291DBA5B0032A5EF /* Helpers */,
				7C2BFE6628ECD80B006A1A99 /* FeedItemsMapper.swift */,
				7CB794782934F7F100EC0DF5 /* FeedImageDataMapper.swift */,
			);
			path = "Feed API";
			sourceTree = "<group>";
		};
		7CE9E8F7291B15BD0032A5EF /* Helpers */ = {
			isa = PBXGroup;
			children = (
				7C8B8A382911A9E200E4B334 /* UIView+Shimmering.swift */,
				7C5E8BFC291478EF003395B8 /* UIImageView+Animations.swift */,
			);
			path = Helpers;
			sourceTree = "<group>";
		};
		7CE9E8FC291B18C30032A5EF /* Feed Presentation */ = {
			isa = PBXGroup;
			children = (
				7CE9E8FD291B18F60032A5EF /* FeedPresenterTests.swift */,
				7C5E8C082917279F003395B8 /* FeedLocalizationTests.swift */,
				7CE9E913291C4AAD0032A5EF /* FeedImagePresenterTests.swift */,
			);
			path = "Feed Presentation";
			sourceTree = "<group>";
		};
		7CE9E908291C147F0032A5EF /* Feed Presentation */ = {
			isa = PBXGroup;
			children = (
				7CE9E909291C14A60032A5EF /* FeedPresenter.swift */,
				7CE9E90C291C3F720032A5EF /* FeedViewModel.swift */,
				7CE9E915291C624C0032A5EF /* FeedImagePresenter.swift */,
				7CE9E917291C84F00032A5EF /* FeedImageViewModel.swift */,
				7CE9E903291B32FC0032A5EF /* Feed.strings */,
			);
			path = "Feed Presentation";
			sourceTree = "<group>";
		};
		7CE9E91C291DAE740032A5EF /* Helpers */ = {
			isa = PBXGroup;
			children = (
				7CE9E924291DBC1C0032A5EF /* URLProtocolStub.swift */,
			);
			path = Helpers;
			sourceTree = "<group>";
		};
		7CE9E921291DBA5B0032A5EF /* Helpers */ = {
			isa = PBXGroup;
			children = (
				7CE9E922291DBA820032A5EF /* HTTPURLResponse+StatusCode.swift */,
			);
			path = Helpers;
			sourceTree = "<group>";
		};
/* End PBXGroup section */

/* Begin PBXHeadersBuildPhase section */
		7CABD4D829101E1B00E3137C /* Headers */ = {
			isa = PBXHeadersBuildPhase;
			buildActionMask = 2147483647;
			files = (
			);
			runOnlyForDeploymentPostprocessing = 0;
		};
		7CE1900528E63F1F009A3DA4 /* Headers */ = {
			isa = PBXHeadersBuildPhase;
			buildActionMask = 2147483647;
			files = (
			);
			runOnlyForDeploymentPostprocessing = 0;
		};
/* End PBXHeadersBuildPhase section */

/* Begin PBXNativeTarget section */
		7C1BC320290AC4F10048819B /* EssentialFeedCacheIntegrationTests */ = {
			isa = PBXNativeTarget;
			buildConfigurationList = 7C1BC32A290AC4F10048819B /* Build configuration list for PBXNativeTarget "EssentialFeedCacheIntegrationTests" */;
			buildPhases = (
				7C1BC31D290AC4F10048819B /* Sources */,
				7C1BC31E290AC4F10048819B /* Frameworks */,
				7C1BC31F290AC4F10048819B /* Resources */,
			);
			buildRules = (
			);
			dependencies = (
				7C1BC327290AC4F10048819B /* PBXTargetDependency */,
			);
			name = EssentialFeedCacheIntegrationTests;
			productName = EssentialFeedCacheIntegrationTests;
			productReference = 7C1BC321290AC4F10048819B /* EssentialFeedCacheIntegrationTests.xctest */;
			productType = "com.apple.product-type.bundle.unit-test";
		};
		7C2BFE7528EF9EC7006A1A99 /* EssentialFeedAPIEndToEndTests */ = {
			isa = PBXNativeTarget;
			buildConfigurationList = 7C2BFE7F28EF9EC7006A1A99 /* Build configuration list for PBXNativeTarget "EssentialFeedAPIEndToEndTests" */;
			buildPhases = (
				7C2BFE7228EF9EC7006A1A99 /* Sources */,
				7C2BFE7328EF9EC7006A1A99 /* Frameworks */,
				7C2BFE7428EF9EC7006A1A99 /* Resources */,
			);
			buildRules = (
			);
			dependencies = (
				7C2BFE7C28EF9EC7006A1A99 /* PBXTargetDependency */,
			);
			name = EssentialFeedAPIEndToEndTests;
			productName = EssentialFeedAPIEndToEndTests;
			productReference = 7C2BFE7628EF9EC7006A1A99 /* EssentialFeedAPIEndToEndTests.xctest */;
			productType = "com.apple.product-type.bundle.unit-test";
		};
		7CABD4DC29101E1B00E3137C /* EssentialFeediOS */ = {
			isa = PBXNativeTarget;
			buildConfigurationList = 7CABD4EC29101E1C00E3137C /* Build configuration list for PBXNativeTarget "EssentialFeediOS" */;
			buildPhases = (
				7CABD4D829101E1B00E3137C /* Headers */,
				7CABD4D929101E1B00E3137C /* Sources */,
				7CABD4DA29101E1B00E3137C /* Frameworks */,
				7CABD4DB29101E1B00E3137C /* Resources */,
				7C697DAE2910859500304994 /* Embed Frameworks */,
			);
			buildRules = (
			);
			dependencies = (
				7C697DAD2910859500304994 /* PBXTargetDependency */,
			);
			name = EssentialFeediOS;
			productName = EssentialFeediOS;
			productReference = 7CABD4DD29101E1B00E3137C /* EssentialFeediOS.framework */;
			productType = "com.apple.product-type.framework";
		};
		7CABD4E329101E1B00E3137C /* EssentialFeediOSTests */ = {
			isa = PBXNativeTarget;
			buildConfigurationList = 7CABD4EF29101E1C00E3137C /* Build configuration list for PBXNativeTarget "EssentialFeediOSTests" */;
			buildPhases = (
				7CABD4E029101E1B00E3137C /* Sources */,
				7CABD4E129101E1B00E3137C /* Frameworks */,
				7CABD4E229101E1B00E3137C /* Resources */,
			);
			buildRules = (
			);
			dependencies = (
				7CABD4E729101E1C00E3137C /* PBXTargetDependency */,
			);
			name = EssentialFeediOSTests;
			productName = EssentialFeediOSTests;
			productReference = 7CABD4E429101E1C00E3137C /* EssentialFeediOSTests.xctest */;
			productType = "com.apple.product-type.bundle.unit-test";
		};
		7CE1900928E63F1F009A3DA4 /* EssentialFeed */ = {
			isa = PBXNativeTarget;
			buildConfigurationList = 7CE1901E28E63F1F009A3DA4 /* Build configuration list for PBXNativeTarget "EssentialFeed" */;
			buildPhases = (
				7CE1900528E63F1F009A3DA4 /* Headers */,
				7CE1900628E63F1F009A3DA4 /* Sources */,
				7CE1900728E63F1F009A3DA4 /* Frameworks */,
				7CE1900828E63F1F009A3DA4 /* Resources */,
			);
			buildRules = (
			);
			dependencies = (
			);
			name = EssentialFeed;
			productName = EssentialFeed;
			productReference = 7CE1900A28E63F1F009A3DA4 /* EssentialFeed.framework */;
			productType = "com.apple.product-type.framework";
		};
		7CE1901328E63F1F009A3DA4 /* EssentialFeedTests */ = {
			isa = PBXNativeTarget;
			buildConfigurationList = 7CE1902128E63F1F009A3DA4 /* Build configuration list for PBXNativeTarget "EssentialFeedTests" */;
			buildPhases = (
				7CE1901028E63F1F009A3DA4 /* Sources */,
				7CE1901128E63F1F009A3DA4 /* Frameworks */,
				7CE1901228E63F1F009A3DA4 /* Resources */,
			);
			buildRules = (
			);
			dependencies = (
				7CE1901728E63F1F009A3DA4 /* PBXTargetDependency */,
			);
			name = EssentialFeedTests;
			productName = EssentialFeedTests;
			productReference = 7CE1901428E63F1F009A3DA4 /* EssentialFeedTests.xctest */;
			productType = "com.apple.product-type.bundle.unit-test";
		};
/* End PBXNativeTarget section */

/* Begin PBXProject section */
		7CE1900128E63F1F009A3DA4 /* Project object */ = {
			isa = PBXProject;
			attributes = {
				BuildIndependentTargetsInParallel = 1;
				LastSwiftUpdateCheck = 1400;
				LastUpgradeCheck = 1410;
				TargetAttributes = {
					7C1BC320290AC4F10048819B = {
						CreatedOnToolsVersion = 14.0.1;
					};
					7C2BFE7528EF9EC7006A1A99 = {
						CreatedOnToolsVersion = 14.0;
					};
					7CABD4DC29101E1B00E3137C = {
						CreatedOnToolsVersion = 14.0.1;
						LastSwiftMigration = 1400;
					};
					7CABD4E329101E1B00E3137C = {
						CreatedOnToolsVersion = 14.0.1;
						LastSwiftMigration = 1400;
					};
					7CE1900928E63F1F009A3DA4 = {
						CreatedOnToolsVersion = 14.0;
					};
					7CE1901328E63F1F009A3DA4 = {
						CreatedOnToolsVersion = 14.0;
					};
				};
			};
			buildConfigurationList = 7CE1900428E63F1F009A3DA4 /* Build configuration list for PBXProject "EssentialFeed" */;
			compatibilityVersion = "Xcode 14.0";
			developmentRegion = en;
			hasScannedForEncodings = 0;
			knownRegions = (
				en,
				Base,
				"pt-BR",
				es,
			);
			mainGroup = 7CE1900028E63F1F009A3DA4;
			productRefGroup = 7CE1900B28E63F1F009A3DA4 /* Products */;
			projectDirPath = "";
			projectRoot = "";
			targets = (
				7CE1900928E63F1F009A3DA4 /* EssentialFeed */,
				7CE1901328E63F1F009A3DA4 /* EssentialFeedTests */,
				7C2BFE7528EF9EC7006A1A99 /* EssentialFeedAPIEndToEndTests */,
				7C1BC320290AC4F10048819B /* EssentialFeedCacheIntegrationTests */,
				7CABD4DC29101E1B00E3137C /* EssentialFeediOS */,
				7CABD4E329101E1B00E3137C /* EssentialFeediOSTests */,
			);
		};
/* End PBXProject section */

/* Begin PBXResourcesBuildPhase section */
		7C1BC31F290AC4F10048819B /* Resources */ = {
			isa = PBXResourcesBuildPhase;
			buildActionMask = 2147483647;
			files = (
			);
			runOnlyForDeploymentPostprocessing = 0;
		};
		7C2BFE7428EF9EC7006A1A99 /* Resources */ = {
			isa = PBXResourcesBuildPhase;
			buildActionMask = 2147483647;
			files = (
			);
			runOnlyForDeploymentPostprocessing = 0;
		};
		7CABD4DB29101E1B00E3137C /* Resources */ = {
			isa = PBXResourcesBuildPhase;
			buildActionMask = 2147483647;
			files = (
				7C223B6A292588C60089E7FC /* Feed.storyboard in Resources */,
				7CB794C82936B53300EC0DF5 /* ImageComments.storyboard in Resources */,
				7C5E8BF929146081003395B8 /* Feed.xcassets in Resources */,
			);
			runOnlyForDeploymentPostprocessing = 0;
		};
		7CABD4E229101E1B00E3137C /* Resources */ = {
			isa = PBXResourcesBuildPhase;
			buildActionMask = 2147483647;
			files = (
				7CB794BE2936B05300EC0DF5 /* FEED_WITH_CONTENT_light.png in Resources */,
				7CB794CC2936B7AD00EC0DF5 /* IMAGE_COMMENTS_dark.png in Resources */,
				7CB794CD2936B7AD00EC0DF5 /* IMAGE_COMMENTS_light.png in Resources */,
				7CB794BD2936B05300EC0DF5 /* FEED_WITH_FAILED_IMAGE_LOADING_light.png in Resources */,
				7CB794D72937C21300EC0DF5 /* FEED_WITH_CONTENT_light_extraExtraExtraLarge.png in Resources */,
				7CB794B22936736000EC0DF5 /* EMPTY_LIST_light.png in Resources */,
				7CB794BB2936B05300EC0DF5 /* FEED_WITH_FAILED_IMAGE_LOADING_dark.png in Resources */,
				7CB794B32936736000EC0DF5 /* EMPTY_LIST_dark.png in Resources */,
				7CB794BC2936B05300EC0DF5 /* FEED_WITH_CONTENT_dark.png in Resources */,
				7CB794D32937B14400EC0DF5 /* LIST_WITH_ERROR_MESSAGE_light_extraExtraExtralarge.png in Resources */,
				7CB794D52937C0CD00EC0DF5 /* IMAGE_COMMENTS_light_extraExtraExtraLarge.png in Resources */,
			);
			runOnlyForDeploymentPostprocessing = 0;
		};
		7CE1900828E63F1F009A3DA4 /* Resources */ = {
			isa = PBXResourcesBuildPhase;
			buildActionMask = 2147483647;
			files = (
				7CE9E90B291C16AC0032A5EF /* Feed.strings in Resources */,
				7CB79484293537B800EC0DF5 /* Shared.strings in Resources */,
				7CB794992935A08700EC0DF5 /* ImageComments.strings in Resources */,
			);
			runOnlyForDeploymentPostprocessing = 0;
		};
		7CE1901228E63F1F009A3DA4 /* Resources */ = {
			isa = PBXResourcesBuildPhase;
			buildActionMask = 2147483647;
			files = (
			);
			runOnlyForDeploymentPostprocessing = 0;
		};
/* End PBXResourcesBuildPhase section */

/* Begin PBXSourcesBuildPhase section */
		7C1BC31D290AC4F10048819B /* Sources */ = {
			isa = PBXSourcesBuildPhase;
			buildActionMask = 2147483647;
			files = (
				7C1BC32D290ACDB40048819B /* SharedTestsHelpers.swift in Sources */,
				7C1BC324290AC4F10048819B /* EssentialFeedCacheIntegrationTests.swift in Sources */,
				7C1BC32C290ACCA00048819B /* FeedCacheTestHelpers.swift in Sources */,
				7C1BC32B290AC85D0048819B /* XCTestCase+MemoryLeakTracking.swift in Sources */,
			);
			runOnlyForDeploymentPostprocessing = 0;
		};
		7C2BFE7228EF9EC7006A1A99 /* Sources */ = {
			isa = PBXSourcesBuildPhase;
			buildActionMask = 2147483647;
			files = (
				7C2BFE7928EF9EC7006A1A99 /* EssentialFeedAPIEndToEndTests.swift in Sources */,
				7C2BFE8028EFA632006A1A99 /* XCTestCase+MemoryLeakTracking.swift in Sources */,
			);
			runOnlyForDeploymentPostprocessing = 0;
		};
		7CABD4D929101E1B00E3137C /* Sources */ = {
			isa = PBXSourcesBuildPhase;
			buildActionMask = 2147483647;
			files = (
				7C223B9C2927DCA60089E7FC /* UITableView+HeaderSizing.swift in Sources */,
				7CE9E8F6291B03E80032A5EF /* ErrorView.swift in Sources */,
				7CE9E8FB291B16A10032A5EF /* UIRefreshControl+Helpers.swift in Sources */,
				7CB794D12936E98C00EC0DF5 /* CellController.swift in Sources */,
				7C5E8BFB2914777F003395B8 /* UITableView+Dequeueing.swift in Sources */,
				7C8B8A392911A9E200E4B334 /* UIView+Shimmering.swift in Sources */,
				7C5E8BFD291478EF003395B8 /* UIImageView+Animations.swift in Sources */,
				7CBBFAF02910AD4200380A2C /* ListViewController.swift in Sources */,
				7C8B8A3729115FF800E4B334 /* FeedImageCell.swift in Sources */,
				7CB794C52936B3E900EC0DF5 /* ImageCommentCellController.swift in Sources */,
				7C5E8BE529120DF7003395B8 /* FeedImageCellController.swift in Sources */,
				7CB794CF2936B95800EC0DF5 /* ImageCommentCell.swift in Sources */,
			);
			runOnlyForDeploymentPostprocessing = 0;
		};
		7CABD4E029101E1B00E3137C /* Sources */ = {
			isa = PBXSourcesBuildPhase;
			buildActionMask = 2147483647;
			files = (
				7CB794C12936B17C00EC0DF5 /* ImageCommentsSnapshotTests.swift in Sources */,
				7C697DAF291087D000304994 /* XCTestCase+MemoryLeakTracking.swift in Sources */,
				7CB794A42936702A00EC0DF5 /* ListSnapshotTests.swift in Sources */,
				7C223B972927C9FF0089E7FC /* FeedSnapshotsTests.swift in Sources */,
				7C223BA02927F80D0089E7FC /* XCTestCase+Snapshot.swift in Sources */,
				7C223B9E2927F7830089E7FC /* UIViewController+Snapshot.swift in Sources */,
				7C223B9A2927D8AD0089E7FC /* UIImage+TestHelpers.swift in Sources */,
			);
			runOnlyForDeploymentPostprocessing = 0;
		};
		7CE1900628E63F1F009A3DA4 /* Sources */ = {
			isa = PBXSourcesBuildPhase;
			buildActionMask = 2147483647;
			files = (
				7CA479C82901FC2E0021F867 /* LocalFeedImage.swift in Sources */,
				7C00EAA92907704900CC1FE7 /* FeedStore.xcdatamodeld in Sources */,
				7CA479C42900D49F0021F867 /* FeedStore.swift in Sources */,
				7C2BFE6F28EE5ACA006A1A99 /* URLSessionHTTPClient.swift in Sources */,
				7CB7948E293562E100EC0DF5 /* ResourceErrorView.swift in Sources */,
				7CB794792934F7F100EC0DF5 /* FeedImageDataMapper.swift in Sources */,
				7CE9E918291C84F00032A5EF /* FeedImageViewModel.swift in Sources */,
				7C2BFE6528ECD79E006A1A99 /* HTTPClient.swift in Sources */,
				7C1AFCDE29311E0700E294ED /* ImageComment.swift in Sources */,
				7C1BC318290A0ECC0048819B /* CoreDataHelpers.swift in Sources */,
				7CB7949429359E7200EC0DF5 /* ImageCommentsPresenter.swift in Sources */,
				7CE9E936291F0B580032A5EF /* CoreDataFeedStore+FeedStore.swift in Sources */,
				7CE9E90D291C3F720032A5EF /* FeedViewModel.swift in Sources */,
				7C00EAA629076D3F00CC1FE7 /* CoreDataFeedStore.swift in Sources */,
				7C1BC31A290A0F790048819B /* ManagedCache.swift in Sources */,
				7C2BFE6728ECD80B006A1A99 /* FeedItemsMapper.swift in Sources */,
				7CB7947F2935090A00EC0DF5 /* LoadResourcePresenter.swift in Sources */,
				7CFFC6BE2930076100054F68 /* ImageCommentsMapper.swift in Sources */,
				7CE9E929291EA0D60032A5EF /* FeedImageDataStore.swift in Sources */,
				7CC5C75D2925414D00A730D8 /* FeedImageDataCache.swift in Sources */,
				7CE9E90A291C14A60032A5EF /* FeedPresenter.swift in Sources */,
				7CA479D52903532E0021F867 /* FeedCachePolicy.swift in Sources */,
				7CE9E923291DBA820032A5EF /* HTTPURLResponse+StatusCode.swift in Sources */,
				7CB7948C2935618A00EC0DF5 /* ResourceLoadingView.swift in Sources */,
				7CE1902528E63F60009A3DA4 /* FeedImage.swift in Sources */,
				7C1BC31C290A0FF60048819B /* ManagedFeedImage.swift in Sources */,
				7CE9E911291C40240032A5EF /* ResourceErrorViewModel.swift in Sources */,
				7CE9E919291D32B40032A5EF /* FeedImageDataLoader.swift in Sources */,
				7CE9E90F291C3FDA0032A5EF /* ResourceLoadingViewModel.swift in Sources */,
				7CE9E92B291EA10F0032A5EF /* LocalFeedImageDataLoader.swift in Sources */,
				7CE9E934291F01120032A5EF /* CoreDataFeedStore+FeedImageDataLoader.swift in Sources */,
				7CE9E916291C624C0032A5EF /* FeedImagePresenter.swift in Sources */,
				7CC5C75329246C2000A730D8 /* FeedCache.swift in Sources */,
				7CA479C22900D3B00021F867 /* LocalFeedLoader.swift in Sources */,
			);
			runOnlyForDeploymentPostprocessing = 0;
		};
		7CE1901028E63F1F009A3DA4 /* Sources */ = {
			isa = PBXSourcesBuildPhase;
			buildActionMask = 2147483647;
			files = (
				7CA479D129033A6C0021F867 /* FeedCacheTestHelpers.swift in Sources */,
				7CB7948A29353D0900EC0DF5 /* SharedLocalizationTestHelpers.swift in Sources */,
				7CE9E925291DBC1C0032A5EF /* URLProtocolStub.swift in Sources */,
				7CA479CF2903348B0021F867 /* ValidateFeedCacheUseCaseTests.swift in Sources */,
				7CE9E8FE291B18F60032A5EF /* FeedPresenterTests.swift in Sources */,
				7CE9E91B291D41BE0032A5EF /* FeedImageDataMapperTests.swift in Sources */,
				7CE1902A28E79ABD009A3DA4 /* FeedItemsMapperTests.swift in Sources */,
				7CE9E914291C4AAD0032A5EF /* FeedImagePresenterTests.swift in Sources */,
				7CA479D329033B770021F867 /* SharedTestsHelpers.swift in Sources */,
				7CB7949129359D6800EC0DF5 /* ImageCommentsPresenterTests.swift in Sources */,
				7CE9E92F291EB0590032A5EF /* CacheFeedImageDataUseCaseTests.swift in Sources */,
				7CE9E912291C434A0032A5EF /* FeedLocalizationTests.swift in Sources */,
				7C2BFE6D28EE3CB4006A1A99 /* XCTestCase+MemoryLeakTracking.swift in Sources */,
				7CE9E927291E87CA0032A5EF /* LoadFeedImageDataFromCacheUseCaseTests.swift in Sources */,
				7CFFC6BA293004DF00054F68 /* ImageCommentsMapperTests.swift in Sources */,
				7CA479CD29021CFE0021F867 /* FeedStoreSpy.swift in Sources */,
				7C5CB80C2907619E00383CF1 /* XCTestCase+FailableInsertFeedStoreSpecs.swift in Sources */,
				7C1DC1F028F7407200DDCD51 /* CacheFeedUseCaseTests.swift in Sources */,
				7CB79483293535F000EC0DF5 /* SharedLocalizationTests.swift in Sources */,
				7CE9E92D291EAB780032A5EF /* FeedImageDataStoreSpy.swift in Sources */,
				7CB7949829359FE700EC0DF5 /* ImageCommentsLocalizationTests.swift in Sources */,
				7CE9E931291EE6490032A5EF /* CoreDataFeedImageDataStoreTests.swift in Sources */,
				7C5CB80E2907625E00383CF1 /* XCTestCase+FailableDeleteFeedStoreSpecs.swift in Sources */,
				7C5CB80A29075F7E00383CF1 /* XCTestCase+FailableRetrieveFeedStoreSpecs.swift in Sources */,
				7CA479CA29021B060021F867 /* LoadFeedFromCacheUseCaseTests.swift in Sources */,
				7C5CB8062907467700383CF1 /* FeedStoreSpecs.swift in Sources */,
				7CB7947C2935082000EC0DF5 /* LoadResourcePresenterTests.swift in Sources */,
				7C2BFE6A28ED048C006A1A99 /* URLSessionHTTPClientTests.swift in Sources */,
				7C00EAA429076B5800CC1FE7 /* CoreDataFeedStoreTests.swift in Sources */,
				7C5CB8082907472900383CF1 /* XCTestCase+FeedStoreSpecs.swift in Sources */,
			);
			runOnlyForDeploymentPostprocessing = 0;
		};
/* End PBXSourcesBuildPhase section */

/* Begin PBXTargetDependency section */
		7C1BC327290AC4F10048819B /* PBXTargetDependency */ = {
			isa = PBXTargetDependency;
			target = 7CE1900928E63F1F009A3DA4 /* EssentialFeed */;
			targetProxy = 7C1BC326290AC4F10048819B /* PBXContainerItemProxy */;
		};
		7C2BFE7C28EF9EC7006A1A99 /* PBXTargetDependency */ = {
			isa = PBXTargetDependency;
			target = 7CE1900928E63F1F009A3DA4 /* EssentialFeed */;
			targetProxy = 7C2BFE7B28EF9EC7006A1A99 /* PBXContainerItemProxy */;
		};
		7C697DAD2910859500304994 /* PBXTargetDependency */ = {
			isa = PBXTargetDependency;
			platformFilter = ios;
			target = 7CE1900928E63F1F009A3DA4 /* EssentialFeed */;
			targetProxy = 7C697DAC2910859500304994 /* PBXContainerItemProxy */;
		};
		7CABD4E729101E1C00E3137C /* PBXTargetDependency */ = {
			isa = PBXTargetDependency;
			target = 7CABD4DC29101E1B00E3137C /* EssentialFeediOS */;
			targetProxy = 7CABD4E629101E1C00E3137C /* PBXContainerItemProxy */;
		};
		7CE1901728E63F1F009A3DA4 /* PBXTargetDependency */ = {
			isa = PBXTargetDependency;
			target = 7CE1900928E63F1F009A3DA4 /* EssentialFeed */;
			targetProxy = 7CE1901628E63F1F009A3DA4 /* PBXContainerItemProxy */;
		};
/* End PBXTargetDependency section */

/* Begin PBXVariantGroup section */
		7CB79486293537B800EC0DF5 /* Shared.strings */ = {
			isa = PBXVariantGroup;
			children = (
				7CB79485293537B800EC0DF5 /* en */,
				7CB79487293537BE00EC0DF5 /* pt-BR */,
				7CB79488293537C000EC0DF5 /* es */,
			);
			name = Shared.strings;
			sourceTree = "<group>";
		};
		7CB7949B2935A08700EC0DF5 /* ImageComments.strings */ = {
			isa = PBXVariantGroup;
			children = (
				7CB7949A2935A08700EC0DF5 /* en */,
				7CB7949C2935A08B00EC0DF5 /* pt-BR */,
				7CB7949D2935A08D00EC0DF5 /* es */,
			);
			name = ImageComments.strings;
			sourceTree = "<group>";
		};
		7CE9E903291B32FC0032A5EF /* Feed.strings */ = {
			isa = PBXVariantGroup;
			children = (
				7CE9E902291B32FC0032A5EF /* en */,
				7CE9E904291B32FE0032A5EF /* pt-BR */,
				7CE9E905291B32FF0032A5EF /* es */,
			);
			name = Feed.strings;
			sourceTree = "<group>";
		};
/* End PBXVariantGroup section */

/* Begin XCBuildConfiguration section */
		7C1BC328290AC4F10048819B /* Debug */ = {
			isa = XCBuildConfiguration;
			buildSettings = {
				CODE_SIGN_STYLE = Automatic;
				CURRENT_PROJECT_VERSION = 1;
				DEAD_CODE_STRIPPING = YES;
				DEVELOPMENT_TEAM = Z2N9S62M23;
				GENERATE_INFOPLIST_FILE = YES;
				MARKETING_VERSION = 1.0;
				PRODUCT_BUNDLE_IDENTIFIER = "com.cherick-dev.EssentialFeedCacheIntegrationTests";
				PRODUCT_NAME = "$(TARGET_NAME)";
				SUPPORTED_PLATFORMS = "macosx iphoneos iphonesimulator";
				SWIFT_EMIT_LOC_STRINGS = NO;
				SWIFT_VERSION = 5.0;
			};
			name = Debug;
		};
		7C1BC329290AC4F10048819B /* Release */ = {
			isa = XCBuildConfiguration;
			buildSettings = {
				CODE_SIGN_STYLE = Automatic;
				CURRENT_PROJECT_VERSION = 1;
				DEAD_CODE_STRIPPING = YES;
				DEVELOPMENT_TEAM = Z2N9S62M23;
				GENERATE_INFOPLIST_FILE = YES;
				MARKETING_VERSION = 1.0;
				PRODUCT_BUNDLE_IDENTIFIER = "com.cherick-dev.EssentialFeedCacheIntegrationTests";
				PRODUCT_NAME = "$(TARGET_NAME)";
				SUPPORTED_PLATFORMS = "macosx iphoneos iphonesimulator";
				SWIFT_EMIT_LOC_STRINGS = NO;
				SWIFT_VERSION = 5.0;
			};
			name = Release;
		};
		7C2BFE7D28EF9EC7006A1A99 /* Debug */ = {
			isa = XCBuildConfiguration;
			buildSettings = {
				CODE_SIGN_STYLE = Automatic;
				CURRENT_PROJECT_VERSION = 1;
				DEAD_CODE_STRIPPING = YES;
				DEVELOPMENT_TEAM = Z2N9S62M23;
				GENERATE_INFOPLIST_FILE = YES;
				MARKETING_VERSION = 1.0;
				PRODUCT_BUNDLE_IDENTIFIER = "com.cherick-dev.EssentialFeedAPIEndToEndTests";
				PRODUCT_NAME = "$(TARGET_NAME)";
				SUPPORTED_PLATFORMS = "macosx iphonesimulator iphoneos";
				SWIFT_EMIT_LOC_STRINGS = NO;
				SWIFT_VERSION = 5.0;
			};
			name = Debug;
		};
		7C2BFE7E28EF9EC7006A1A99 /* Release */ = {
			isa = XCBuildConfiguration;
			buildSettings = {
				CODE_SIGN_STYLE = Automatic;
				CURRENT_PROJECT_VERSION = 1;
				DEAD_CODE_STRIPPING = YES;
				DEVELOPMENT_TEAM = Z2N9S62M23;
				GENERATE_INFOPLIST_FILE = YES;
				MARKETING_VERSION = 1.0;
				PRODUCT_BUNDLE_IDENTIFIER = "com.cherick-dev.EssentialFeedAPIEndToEndTests";
				PRODUCT_NAME = "$(TARGET_NAME)";
				SUPPORTED_PLATFORMS = "macosx iphonesimulator iphoneos";
				SWIFT_EMIT_LOC_STRINGS = NO;
				SWIFT_VERSION = 5.0;
			};
			name = Release;
		};
		7CABD4ED29101E1C00E3137C /* Debug */ = {
			isa = XCBuildConfiguration;
			buildSettings = {
				CLANG_ENABLE_MODULES = YES;
				CODE_SIGN_STYLE = Automatic;
				CURRENT_PROJECT_VERSION = 1;
				DEFINES_MODULE = YES;
				DEVELOPMENT_TEAM = Z2N9S62M23;
				DYLIB_COMPATIBILITY_VERSION = 1;
				DYLIB_CURRENT_VERSION = 1;
				DYLIB_INSTALL_NAME_BASE = "@rpath";
				GENERATE_INFOPLIST_FILE = YES;
				INFOPLIST_KEY_NSHumanReadableCopyright = "";
				INSTALL_PATH = "$(LOCAL_LIBRARY_DIR)/Frameworks";
				IPHONEOS_DEPLOYMENT_TARGET = 14.0;
				LD_RUNPATH_SEARCH_PATHS = (
					"$(inherited)",
					"@executable_path/Frameworks",
					"@loader_path/Frameworks",
				);
				MARKETING_VERSION = 1.0;
				PRODUCT_BUNDLE_IDENTIFIER = "com.cherick-dev.EssentialFeediOS";
				PRODUCT_NAME = "$(TARGET_NAME:c99extidentifier)";
				SDKROOT = iphoneos;
				SKIP_INSTALL = YES;
				SWIFT_EMIT_LOC_STRINGS = YES;
				SWIFT_OPTIMIZATION_LEVEL = "-Onone";
				SWIFT_VERSION = 5.0;
				TARGETED_DEVICE_FAMILY = "1,2";
			};
			name = Debug;
		};
		7CABD4EE29101E1C00E3137C /* Release */ = {
			isa = XCBuildConfiguration;
			buildSettings = {
				CLANG_ENABLE_MODULES = YES;
				CODE_SIGN_STYLE = Automatic;
				CURRENT_PROJECT_VERSION = 1;
				DEFINES_MODULE = YES;
				DEVELOPMENT_TEAM = Z2N9S62M23;
				DYLIB_COMPATIBILITY_VERSION = 1;
				DYLIB_CURRENT_VERSION = 1;
				DYLIB_INSTALL_NAME_BASE = "@rpath";
				GENERATE_INFOPLIST_FILE = YES;
				INFOPLIST_KEY_NSHumanReadableCopyright = "";
				INSTALL_PATH = "$(LOCAL_LIBRARY_DIR)/Frameworks";
				IPHONEOS_DEPLOYMENT_TARGET = 14.0;
				LD_RUNPATH_SEARCH_PATHS = (
					"$(inherited)",
					"@executable_path/Frameworks",
					"@loader_path/Frameworks",
				);
				MARKETING_VERSION = 1.0;
				PRODUCT_BUNDLE_IDENTIFIER = "com.cherick-dev.EssentialFeediOS";
				PRODUCT_NAME = "$(TARGET_NAME:c99extidentifier)";
				SDKROOT = iphoneos;
				SKIP_INSTALL = YES;
				SWIFT_EMIT_LOC_STRINGS = YES;
				SWIFT_VERSION = 5.0;
				TARGETED_DEVICE_FAMILY = "1,2";
				VALIDATE_PRODUCT = YES;
			};
			name = Release;
		};
		7CABD4F029101E1C00E3137C /* Debug */ = {
			isa = XCBuildConfiguration;
			buildSettings = {
				ALWAYS_EMBED_SWIFT_STANDARD_LIBRARIES = YES;
				CLANG_ENABLE_MODULES = YES;
				CODE_SIGN_STYLE = Automatic;
				CURRENT_PROJECT_VERSION = 1;
				DEVELOPMENT_TEAM = Z2N9S62M23;
				GENERATE_INFOPLIST_FILE = YES;
				IPHONEOS_DEPLOYMENT_TARGET = 14.0;
				LD_RUNPATH_SEARCH_PATHS = (
					"$(inherited)",
					"@executable_path/Frameworks",
					"@loader_path/Frameworks",
				);
				MARKETING_VERSION = 1.0;
				PRODUCT_BUNDLE_IDENTIFIER = "com.cherick-dev.EssentialFeediOSTests";
				PRODUCT_NAME = "$(TARGET_NAME)";
				SDKROOT = iphoneos;
				SWIFT_EMIT_LOC_STRINGS = NO;
				SWIFT_OPTIMIZATION_LEVEL = "-Onone";
				SWIFT_VERSION = 5.0;
				TARGETED_DEVICE_FAMILY = "1,2";
			};
			name = Debug;
		};
		7CABD4F129101E1C00E3137C /* Release */ = {
			isa = XCBuildConfiguration;
			buildSettings = {
				ALWAYS_EMBED_SWIFT_STANDARD_LIBRARIES = YES;
				CLANG_ENABLE_MODULES = YES;
				CODE_SIGN_STYLE = Automatic;
				CURRENT_PROJECT_VERSION = 1;
				DEVELOPMENT_TEAM = Z2N9S62M23;
				GENERATE_INFOPLIST_FILE = YES;
				IPHONEOS_DEPLOYMENT_TARGET = 14.0;
				LD_RUNPATH_SEARCH_PATHS = (
					"$(inherited)",
					"@executable_path/Frameworks",
					"@loader_path/Frameworks",
				);
				MARKETING_VERSION = 1.0;
				PRODUCT_BUNDLE_IDENTIFIER = "com.cherick-dev.EssentialFeediOSTests";
				PRODUCT_NAME = "$(TARGET_NAME)";
				SDKROOT = iphoneos;
				SWIFT_EMIT_LOC_STRINGS = NO;
				SWIFT_VERSION = 5.0;
				TARGETED_DEVICE_FAMILY = "1,2";
				VALIDATE_PRODUCT = YES;
			};
			name = Release;
		};
		7CE1901C28E63F1F009A3DA4 /* Debug */ = {
			isa = XCBuildConfiguration;
			buildSettings = {
				ALWAYS_SEARCH_USER_PATHS = NO;
				CLANG_ANALYZER_LOCALIZABILITY_NONLOCALIZED = YES;
				CLANG_ANALYZER_NONNULL = YES;
				CLANG_ANALYZER_NUMBER_OBJECT_CONVERSION = YES_AGGRESSIVE;
				CLANG_CXX_LANGUAGE_STANDARD = "gnu++20";
				CLANG_ENABLE_MODULES = YES;
				CLANG_ENABLE_OBJC_ARC = YES;
				CLANG_ENABLE_OBJC_WEAK = YES;
				CLANG_WARN_BLOCK_CAPTURE_AUTORELEASING = YES;
				CLANG_WARN_BOOL_CONVERSION = YES;
				CLANG_WARN_COMMA = YES;
				CLANG_WARN_CONSTANT_CONVERSION = YES;
				CLANG_WARN_DEPRECATED_OBJC_IMPLEMENTATIONS = YES;
				CLANG_WARN_DIRECT_OBJC_ISA_USAGE = YES_ERROR;
				CLANG_WARN_DOCUMENTATION_COMMENTS = YES;
				CLANG_WARN_EMPTY_BODY = YES;
				CLANG_WARN_ENUM_CONVERSION = YES;
				CLANG_WARN_INFINITE_RECURSION = YES;
				CLANG_WARN_INT_CONVERSION = YES;
				CLANG_WARN_NON_LITERAL_NULL_CONVERSION = YES;
				CLANG_WARN_OBJC_IMPLICIT_RETAIN_SELF = YES;
				CLANG_WARN_OBJC_LITERAL_CONVERSION = YES;
				CLANG_WARN_OBJC_ROOT_CLASS = YES_ERROR;
				CLANG_WARN_QUOTED_INCLUDE_IN_FRAMEWORK_HEADER = YES;
				CLANG_WARN_RANGE_LOOP_ANALYSIS = YES;
				CLANG_WARN_STRICT_PROTOTYPES = YES;
				CLANG_WARN_SUSPICIOUS_MOVE = YES;
				CLANG_WARN_UNGUARDED_AVAILABILITY = YES_AGGRESSIVE;
				CLANG_WARN_UNREACHABLE_CODE = YES;
				CLANG_WARN__DUPLICATE_METHOD_MATCH = YES;
				COPY_PHASE_STRIP = NO;
				CURRENT_PROJECT_VERSION = 1;
				DEAD_CODE_STRIPPING = YES;
				DEBUG_INFORMATION_FORMAT = dwarf;
				ENABLE_STRICT_OBJC_MSGSEND = YES;
				ENABLE_TESTABILITY = YES;
				GCC_C_LANGUAGE_STANDARD = gnu11;
				GCC_DYNAMIC_NO_PIC = NO;
				GCC_NO_COMMON_BLOCKS = YES;
				GCC_OPTIMIZATION_LEVEL = 0;
				GCC_PREPROCESSOR_DEFINITIONS = (
					"DEBUG=1",
					"$(inherited)",
				);
				GCC_WARN_64_TO_32_BIT_CONVERSION = YES;
				GCC_WARN_ABOUT_RETURN_TYPE = YES_ERROR;
				GCC_WARN_UNDECLARED_SELECTOR = YES;
				GCC_WARN_UNINITIALIZED_AUTOS = YES_AGGRESSIVE;
				GCC_WARN_UNUSED_FUNCTION = YES;
				GCC_WARN_UNUSED_VARIABLE = YES;
				IPHONEOS_DEPLOYMENT_TARGET = 14.0;
				MACOSX_DEPLOYMENT_TARGET = 12.3;
				MTL_ENABLE_DEBUG_INFO = INCLUDE_SOURCE;
				MTL_FAST_MATH = YES;
				ONLY_ACTIVE_ARCH = YES;
				SDKROOT = macosx;
				SWIFT_ACTIVE_COMPILATION_CONDITIONS = DEBUG;
				SWIFT_OPTIMIZATION_LEVEL = "-Onone";
				VERSIONING_SYSTEM = "apple-generic";
				VERSION_INFO_PREFIX = "";
			};
			name = Debug;
		};
		7CE1901D28E63F1F009A3DA4 /* Release */ = {
			isa = XCBuildConfiguration;
			buildSettings = {
				ALWAYS_SEARCH_USER_PATHS = NO;
				CLANG_ANALYZER_LOCALIZABILITY_NONLOCALIZED = YES;
				CLANG_ANALYZER_NONNULL = YES;
				CLANG_ANALYZER_NUMBER_OBJECT_CONVERSION = YES_AGGRESSIVE;
				CLANG_CXX_LANGUAGE_STANDARD = "gnu++20";
				CLANG_ENABLE_MODULES = YES;
				CLANG_ENABLE_OBJC_ARC = YES;
				CLANG_ENABLE_OBJC_WEAK = YES;
				CLANG_WARN_BLOCK_CAPTURE_AUTORELEASING = YES;
				CLANG_WARN_BOOL_CONVERSION = YES;
				CLANG_WARN_COMMA = YES;
				CLANG_WARN_CONSTANT_CONVERSION = YES;
				CLANG_WARN_DEPRECATED_OBJC_IMPLEMENTATIONS = YES;
				CLANG_WARN_DIRECT_OBJC_ISA_USAGE = YES_ERROR;
				CLANG_WARN_DOCUMENTATION_COMMENTS = YES;
				CLANG_WARN_EMPTY_BODY = YES;
				CLANG_WARN_ENUM_CONVERSION = YES;
				CLANG_WARN_INFINITE_RECURSION = YES;
				CLANG_WARN_INT_CONVERSION = YES;
				CLANG_WARN_NON_LITERAL_NULL_CONVERSION = YES;
				CLANG_WARN_OBJC_IMPLICIT_RETAIN_SELF = YES;
				CLANG_WARN_OBJC_LITERAL_CONVERSION = YES;
				CLANG_WARN_OBJC_ROOT_CLASS = YES_ERROR;
				CLANG_WARN_QUOTED_INCLUDE_IN_FRAMEWORK_HEADER = YES;
				CLANG_WARN_RANGE_LOOP_ANALYSIS = YES;
				CLANG_WARN_STRICT_PROTOTYPES = YES;
				CLANG_WARN_SUSPICIOUS_MOVE = YES;
				CLANG_WARN_UNGUARDED_AVAILABILITY = YES_AGGRESSIVE;
				CLANG_WARN_UNREACHABLE_CODE = YES;
				CLANG_WARN__DUPLICATE_METHOD_MATCH = YES;
				COPY_PHASE_STRIP = NO;
				CURRENT_PROJECT_VERSION = 1;
				DEAD_CODE_STRIPPING = YES;
				DEBUG_INFORMATION_FORMAT = "dwarf-with-dsym";
				ENABLE_NS_ASSERTIONS = NO;
				ENABLE_STRICT_OBJC_MSGSEND = YES;
				GCC_C_LANGUAGE_STANDARD = gnu11;
				GCC_NO_COMMON_BLOCKS = YES;
				GCC_WARN_64_TO_32_BIT_CONVERSION = YES;
				GCC_WARN_ABOUT_RETURN_TYPE = YES_ERROR;
				GCC_WARN_UNDECLARED_SELECTOR = YES;
				GCC_WARN_UNINITIALIZED_AUTOS = YES_AGGRESSIVE;
				GCC_WARN_UNUSED_FUNCTION = YES;
				GCC_WARN_UNUSED_VARIABLE = YES;
				IPHONEOS_DEPLOYMENT_TARGET = 14.0;
				MACOSX_DEPLOYMENT_TARGET = 12.3;
				MTL_ENABLE_DEBUG_INFO = NO;
				MTL_FAST_MATH = YES;
				SDKROOT = macosx;
				SWIFT_COMPILATION_MODE = wholemodule;
				SWIFT_OPTIMIZATION_LEVEL = "-O";
				VERSIONING_SYSTEM = "apple-generic";
				VERSION_INFO_PREFIX = "";
			};
			name = Release;
		};
		7CE1901F28E63F1F009A3DA4 /* Debug */ = {
			isa = XCBuildConfiguration;
			buildSettings = {
				CODE_SIGN_STYLE = Automatic;
				COMBINE_HIDPI_IMAGES = YES;
				CURRENT_PROJECT_VERSION = 1;
				DEAD_CODE_STRIPPING = YES;
				DEFINES_MODULE = YES;
				DEVELOPMENT_TEAM = Z2N9S62M23;
				DYLIB_COMPATIBILITY_VERSION = 1;
				DYLIB_CURRENT_VERSION = 1;
				DYLIB_INSTALL_NAME_BASE = "@rpath";
				GENERATE_INFOPLIST_FILE = YES;
				INFOPLIST_KEY_NSHumanReadableCopyright = "";
				INSTALL_PATH = "$(LOCAL_LIBRARY_DIR)/Frameworks";
				LD_RUNPATH_SEARCH_PATHS = (
					"$(inherited)",
					"@executable_path/../Frameworks",
					"@loader_path/Frameworks",
				);
				MARKETING_VERSION = 1.0;
				PRODUCT_BUNDLE_IDENTIFIER = "com.cherick-dev.EssentialFeed";
				PRODUCT_NAME = "$(TARGET_NAME:c99extidentifier)";
				SKIP_INSTALL = YES;
				SUPPORTED_PLATFORMS = "macosx iphonesimulator iphoneos";
				SWIFT_EMIT_LOC_STRINGS = YES;
				SWIFT_VERSION = 5.0;
			};
			name = Debug;
		};
		7CE1902028E63F1F009A3DA4 /* Release */ = {
			isa = XCBuildConfiguration;
			buildSettings = {
				CODE_SIGN_STYLE = Automatic;
				COMBINE_HIDPI_IMAGES = YES;
				CURRENT_PROJECT_VERSION = 1;
				DEAD_CODE_STRIPPING = YES;
				DEFINES_MODULE = YES;
				DEVELOPMENT_TEAM = Z2N9S62M23;
				DYLIB_COMPATIBILITY_VERSION = 1;
				DYLIB_CURRENT_VERSION = 1;
				DYLIB_INSTALL_NAME_BASE = "@rpath";
				GENERATE_INFOPLIST_FILE = YES;
				INFOPLIST_KEY_NSHumanReadableCopyright = "";
				INSTALL_PATH = "$(LOCAL_LIBRARY_DIR)/Frameworks";
				LD_RUNPATH_SEARCH_PATHS = (
					"$(inherited)",
					"@executable_path/../Frameworks",
					"@loader_path/Frameworks",
				);
				MARKETING_VERSION = 1.0;
				PRODUCT_BUNDLE_IDENTIFIER = "com.cherick-dev.EssentialFeed";
				PRODUCT_NAME = "$(TARGET_NAME:c99extidentifier)";
				SKIP_INSTALL = YES;
				SUPPORTED_PLATFORMS = "macosx iphonesimulator iphoneos";
				SWIFT_EMIT_LOC_STRINGS = YES;
				SWIFT_VERSION = 5.0;
			};
			name = Release;
		};
		7CE1902228E63F1F009A3DA4 /* Debug */ = {
			isa = XCBuildConfiguration;
			buildSettings = {
				ALWAYS_EMBED_SWIFT_STANDARD_LIBRARIES = YES;
				CODE_SIGN_STYLE = Automatic;
				CURRENT_PROJECT_VERSION = 1;
				DEAD_CODE_STRIPPING = YES;
				DEVELOPMENT_TEAM = Z2N9S62M23;
				GENERATE_INFOPLIST_FILE = YES;
				MARKETING_VERSION = 1.0;
				PRODUCT_BUNDLE_IDENTIFIER = "com.cherick-dev.EssentialFeedTests";
				PRODUCT_NAME = "$(TARGET_NAME)";
				SUPPORTED_PLATFORMS = "macosx iphonesimulator iphoneos";
				SWIFT_EMIT_LOC_STRINGS = NO;
				SWIFT_VERSION = 5.0;
			};
			name = Debug;
		};
		7CE1902328E63F1F009A3DA4 /* Release */ = {
			isa = XCBuildConfiguration;
			buildSettings = {
				ALWAYS_EMBED_SWIFT_STANDARD_LIBRARIES = YES;
				CODE_SIGN_STYLE = Automatic;
				CURRENT_PROJECT_VERSION = 1;
				DEAD_CODE_STRIPPING = YES;
				DEVELOPMENT_TEAM = Z2N9S62M23;
				GENERATE_INFOPLIST_FILE = YES;
				MARKETING_VERSION = 1.0;
				PRODUCT_BUNDLE_IDENTIFIER = "com.cherick-dev.EssentialFeedTests";
				PRODUCT_NAME = "$(TARGET_NAME)";
				SUPPORTED_PLATFORMS = "macosx iphonesimulator iphoneos";
				SWIFT_EMIT_LOC_STRINGS = NO;
				SWIFT_VERSION = 5.0;
			};
			name = Release;
		};
/* End XCBuildConfiguration section */

/* Begin XCConfigurationList section */
		7C1BC32A290AC4F10048819B /* Build configuration list for PBXNativeTarget "EssentialFeedCacheIntegrationTests" */ = {
			isa = XCConfigurationList;
			buildConfigurations = (
				7C1BC328290AC4F10048819B /* Debug */,
				7C1BC329290AC4F10048819B /* Release */,
			);
			defaultConfigurationIsVisible = 0;
			defaultConfigurationName = Release;
		};
		7C2BFE7F28EF9EC7006A1A99 /* Build configuration list for PBXNativeTarget "EssentialFeedAPIEndToEndTests" */ = {
			isa = XCConfigurationList;
			buildConfigurations = (
				7C2BFE7D28EF9EC7006A1A99 /* Debug */,
				7C2BFE7E28EF9EC7006A1A99 /* Release */,
			);
			defaultConfigurationIsVisible = 0;
			defaultConfigurationName = Release;
		};
		7CABD4EC29101E1C00E3137C /* Build configuration list for PBXNativeTarget "EssentialFeediOS" */ = {
			isa = XCConfigurationList;
			buildConfigurations = (
				7CABD4ED29101E1C00E3137C /* Debug */,
				7CABD4EE29101E1C00E3137C /* Release */,
			);
			defaultConfigurationIsVisible = 0;
			defaultConfigurationName = Release;
		};
		7CABD4EF29101E1C00E3137C /* Build configuration list for PBXNativeTarget "EssentialFeediOSTests" */ = {
			isa = XCConfigurationList;
			buildConfigurations = (
				7CABD4F029101E1C00E3137C /* Debug */,
				7CABD4F129101E1C00E3137C /* Release */,
			);
			defaultConfigurationIsVisible = 0;
			defaultConfigurationName = Release;
		};
		7CE1900428E63F1F009A3DA4 /* Build configuration list for PBXProject "EssentialFeed" */ = {
			isa = XCConfigurationList;
			buildConfigurations = (
				7CE1901C28E63F1F009A3DA4 /* Debug */,
				7CE1901D28E63F1F009A3DA4 /* Release */,
			);
			defaultConfigurationIsVisible = 0;
			defaultConfigurationName = Release;
		};
		7CE1901E28E63F1F009A3DA4 /* Build configuration list for PBXNativeTarget "EssentialFeed" */ = {
			isa = XCConfigurationList;
			buildConfigurations = (
				7CE1901F28E63F1F009A3DA4 /* Debug */,
				7CE1902028E63F1F009A3DA4 /* Release */,
			);
			defaultConfigurationIsVisible = 0;
			defaultConfigurationName = Release;
		};
		7CE1902128E63F1F009A3DA4 /* Build configuration list for PBXNativeTarget "EssentialFeedTests" */ = {
			isa = XCConfigurationList;
			buildConfigurations = (
				7CE1902228E63F1F009A3DA4 /* Debug */,
				7CE1902328E63F1F009A3DA4 /* Release */,
			);
			defaultConfigurationIsVisible = 0;
			defaultConfigurationName = Release;
		};
/* End XCConfigurationList section */

/* Begin XCVersionGroup section */
		7C00EAA72907704900CC1FE7 /* FeedStore.xcdatamodeld */ = {
			isa = XCVersionGroup;
			children = (
				7CE9E932291EED280032A5EF /* FeedStore2.xcdatamodel */,
				7C00EAA82907704900CC1FE7 /* FeedStore.xcdatamodel */,
			);
			currentVersion = 7CE9E932291EED280032A5EF /* FeedStore2.xcdatamodel */;
			path = FeedStore.xcdatamodeld;
			sourceTree = "<group>";
			versionGroupType = wrapper.xcdatamodel;
		};
/* End XCVersionGroup section */
	};
	rootObject = 7CE1900128E63F1F009A3DA4 /* Project object */;
}
