// !$*UTF8*$!
{
	archiveVersion = 1;
	classes = {
	};
	objectVersion = 56;
	objects = {

/* Begin PBXBuildFile section */
		7C223B6C2925920B0089E7FC /* DebuggingSceneDelegate.swift in Sources */ = {isa = PBXBuildFile; fileRef = 7C223B6B2925920B0089E7FC /* DebuggingSceneDelegate.swift */; };
		7C223B6E292691C90089E7FC /* SceneDelegateTests.swift in Sources */ = {isa = PBXBuildFile; fileRef = 7C223B6D292691C90089E7FC /* SceneDelegateTests.swift */; };
		7C223B75292697420089E7FC /* MainQueueDispatchDecorator.swift in Sources */ = {isa = PBXBuildFile; fileRef = 7C223B6F292697410089E7FC /* MainQueueDispatchDecorator.swift */; };
		7C223B76292697420089E7FC /* FeedImageDataLoaderPresentationAdapter.swift in Sources */ = {isa = PBXBuildFile; fileRef = 7C223B72292697410089E7FC /* FeedImageDataLoaderPresentationAdapter.swift */; };
		7C223B77292697420089E7FC /* FeedViewAdapter.swift in Sources */ = {isa = PBXBuildFile; fileRef = 7C223B74292697420089E7FC /* FeedViewAdapter.swift */; };
		7C223B78292697420089E7FC /* WeakRefVirtualProxy.swift in Sources */ = {isa = PBXBuildFile; fileRef = 7C223B71292697410089E7FC /* WeakRefVirtualProxy.swift */; };
		7C223B79292697420089E7FC /* FeedLoaderPresentationAdapter.swift in Sources */ = {isa = PBXBuildFile; fileRef = 7C223B73292697420089E7FC /* FeedLoaderPresentationAdapter.swift */; };
		7C223B7A292697420089E7FC /* FeedUIComposer.swift in Sources */ = {isa = PBXBuildFile; fileRef = 7C223B70292697410089E7FC /* FeedUIComposer.swift */; };
		7C223B84292697B40089E7FC /* UIImage+TestHelpers.swift in Sources */ = {isa = PBXBuildFile; fileRef = 7C223B80292697B30089E7FC /* UIImage+TestHelpers.swift */; };
		7C223B85292697B40089E7FC /* FeedImageCell+TestHelpers.swift in Sources */ = {isa = PBXBuildFile; fileRef = 7C223B82292697B30089E7FC /* FeedImageCell+TestHelpers.swift */; };
		7C223B86292697B40089E7FC /* FeedViewControllerTests+Assertions.swift in Sources */ = {isa = PBXBuildFile; fileRef = 7C223B7E292697B20089E7FC /* FeedViewControllerTests+Assertions.swift */; };
		7C223B87292697B40089E7FC /* FeedViewControllerTests+Localization.swift in Sources */ = {isa = PBXBuildFile; fileRef = 7C223B83292697B30089E7FC /* FeedViewControllerTests+Localization.swift */; };
		7C223B88292697B40089E7FC /* UIControl+TestHelpers.swift in Sources */ = {isa = PBXBuildFile; fileRef = 7C223B7B292697B20089E7FC /* UIControl+TestHelpers.swift */; };
		7C223B89292697B40089E7FC /* FeedViewControllerTests+LoaderSpy.swift in Sources */ = {isa = PBXBuildFile; fileRef = 7C223B81292697B30089E7FC /* FeedViewControllerTests+LoaderSpy.swift */; };
		7C223B8A292697B40089E7FC /* FeedViewController+TestHelpers.swift in Sources */ = {isa = PBXBuildFile; fileRef = 7C223B7D292697B20089E7FC /* FeedViewController+TestHelpers.swift */; };
		7C223B8B292697B40089E7FC /* UIRefreshControl+TestHelpers.swift in Sources */ = {isa = PBXBuildFile; fileRef = 7C223B7F292697B20089E7FC /* UIRefreshControl+TestHelpers.swift */; };
		7C223B8C292697B40089E7FC /* UIButton+TestHelpers.swift in Sources */ = {isa = PBXBuildFile; fileRef = 7C223B7C292697B20089E7FC /* UIButton+TestHelpers.swift */; };
		7C223B8E292698030089E7FC /* FeedUIIntegrationTests.swift in Sources */ = {isa = PBXBuildFile; fileRef = 7C223B8D292698030089E7FC /* FeedUIIntegrationTests.swift */; };
		7C223B9029269D990089E7FC /* FeedAcceptanceTests.swift in Sources */ = {isa = PBXBuildFile; fileRef = 7C223B8F29269D990089E7FC /* FeedAcceptanceTests.swift */; };
		7C617B922923CB34004B9DDD /* FeedImageDataLoaderWithFallbackCompositeTests.swift in Sources */ = {isa = PBXBuildFile; fileRef = 7C617B912923CB34004B9DDD /* FeedImageDataLoaderWithFallbackCompositeTests.swift */; };
		7C6AA9B329229F2B00973725 /* AppDelegate.swift in Sources */ = {isa = PBXBuildFile; fileRef = 7C6AA9B229229F2B00973725 /* AppDelegate.swift */; };
		7C6AA9B529229F2B00973725 /* SceneDelegate.swift in Sources */ = {isa = PBXBuildFile; fileRef = 7C6AA9B429229F2B00973725 /* SceneDelegate.swift */; };
		7C6AA9BA29229F2B00973725 /* Main.storyboard in Resources */ = {isa = PBXBuildFile; fileRef = 7C6AA9B829229F2B00973725 /* Main.storyboard */; };
		7C6AA9BC29229F2C00973725 /* Assets.xcassets in Resources */ = {isa = PBXBuildFile; fileRef = 7C6AA9BB29229F2C00973725 /* Assets.xcassets */; };
		7C6AA9BF29229F2C00973725 /* LaunchScreen.storyboard in Resources */ = {isa = PBXBuildFile; fileRef = 7C6AA9BD29229F2C00973725 /* LaunchScreen.storyboard */; };
		7C6AA9CA29229F2C00973725 /* FeedLoaderWithFallbackCompositeTests.swift in Sources */ = {isa = PBXBuildFile; fileRef = 7C6AA9C929229F2C00973725 /* FeedLoaderWithFallbackCompositeTests.swift */; };
		7C6AA9E52922A28D00973725 /* EssentialFeed.framework in Frameworks */ = {isa = PBXBuildFile; fileRef = 7C6AA9E32922A28D00973725 /* EssentialFeed.framework */; };
		7C6AA9E62922A28D00973725 /* EssentialFeed.framework in Embed Frameworks */ = {isa = PBXBuildFile; fileRef = 7C6AA9E32922A28D00973725 /* EssentialFeed.framework */; settings = {ATTRIBUTES = (CodeSignOnCopy, RemoveHeadersOnCopy, ); }; };
		7C6AA9E72922A28D00973725 /* EssentialFeediOS.framework in Frameworks */ = {isa = PBXBuildFile; fileRef = 7C6AA9E42922A28D00973725 /* EssentialFeediOS.framework */; };
		7C6AA9E82922A28D00973725 /* EssentialFeediOS.framework in Embed Frameworks */ = {isa = PBXBuildFile; fileRef = 7C6AA9E42922A28D00973725 /* EssentialFeediOS.framework */; settings = {ATTRIBUTES = (CodeSignOnCopy, RemoveHeadersOnCopy, ); }; };
		7C6AA9EB2922F43F00973725 /* FeedLoaderWithFallbackComposite.swift in Sources */ = {isa = PBXBuildFile; fileRef = 7C6AA9EA2922F43F00973725 /* FeedLoaderWithFallbackComposite.swift */; };
		7CC5C7462924412E00A730D8 /* FeedImageDataLoaderWithFallbackComposite.swift in Sources */ = {isa = PBXBuildFile; fileRef = 7CC5C7452924412E00A730D8 /* FeedImageDataLoaderWithFallbackComposite.swift */; };
		7CC5C7492924420500A730D8 /* XCTCase+MemoryLeakTracking.swift in Sources */ = {isa = PBXBuildFile; fileRef = 7CC5C7482924420500A730D8 /* XCTCase+MemoryLeakTracking.swift */; };
		7CC5C74B2924429700A730D8 /* SharedTestHelpers.swift in Sources */ = {isa = PBXBuildFile; fileRef = 7CC5C74A2924429700A730D8 /* SharedTestHelpers.swift */; };
		7CC5C74D292454BD00A730D8 /* FeedLoaderCacheDecoratorTests.swift in Sources */ = {isa = PBXBuildFile; fileRef = 7CC5C74C292454BD00A730D8 /* FeedLoaderCacheDecoratorTests.swift */; };
		7CC5C74F292457F600A730D8 /* FeedLoaderStub.swift in Sources */ = {isa = PBXBuildFile; fileRef = 7CC5C74E292457F600A730D8 /* FeedLoaderStub.swift */; };
		7CC5C7512924629800A730D8 /* XCTestCase+FeedLoader.swift in Sources */ = {isa = PBXBuildFile; fileRef = 7CC5C7502924629800A730D8 /* XCTestCase+FeedLoader.swift */; };
		7CC5C75529251C1C00A730D8 /* FeedLoaderCacheDecorator.swift in Sources */ = {isa = PBXBuildFile; fileRef = 7CC5C75429251C1C00A730D8 /* FeedLoaderCacheDecorator.swift */; };
		7CC5C7572925290900A730D8 /* FeedImageDataLoaderCacheDecoratorTests.swift in Sources */ = {isa = PBXBuildFile; fileRef = 7CC5C7562925290900A730D8 /* FeedImageDataLoaderCacheDecoratorTests.swift */; };
		7CC5C75929253BF800A730D8 /* FeedImageDataLoaderSpy.swift in Sources */ = {isa = PBXBuildFile; fileRef = 7CC5C75829253BF800A730D8 /* FeedImageDataLoaderSpy.swift */; };
		7CC5C75B29253CBA00A730D8 /* XCTestCase+FeedImageDataLoader.swift in Sources */ = {isa = PBXBuildFile; fileRef = 7CC5C75A29253CBA00A730D8 /* XCTestCase+FeedImageDataLoader.swift */; };
		7CC5C75F2925439700A730D8 /* FeedImageDataLoaderCacheDecorator.swift in Sources */ = {isa = PBXBuildFile; fileRef = 7CC5C75E2925439700A730D8 /* FeedImageDataLoaderCacheDecorator.swift */; };
		7CC5C76729254B8F00A730D8 /* EssentialAppUIAcceptanceTests.swift in Sources */ = {isa = PBXBuildFile; fileRef = 7CC5C76629254B8F00A730D8 /* EssentialAppUIAcceptanceTests.swift */; };
/* End PBXBuildFile section */

/* Begin PBXContainerItemProxy section */
		7C6AA9C629229F2C00973725 /* PBXContainerItemProxy */ = {
			isa = PBXContainerItemProxy;
			containerPortal = 7C6AA9A729229F2B00973725 /* Project object */;
			proxyType = 1;
			remoteGlobalIDString = 7C6AA9AE29229F2B00973725;
			remoteInfo = EssentialApp;
		};
		7CC5C76A29254B8F00A730D8 /* PBXContainerItemProxy */ = {
			isa = PBXContainerItemProxy;
			containerPortal = 7C6AA9A729229F2B00973725 /* Project object */;
			proxyType = 1;
			remoteGlobalIDString = 7C6AA9AE29229F2B00973725;
			remoteInfo = EssentialApp;
		};
/* End PBXContainerItemProxy section */

/* Begin PBXCopyFilesBuildPhase section */
		7C6AA9E92922A28D00973725 /* Embed Frameworks */ = {
			isa = PBXCopyFilesBuildPhase;
			buildActionMask = 2147483647;
			dstPath = "";
			dstSubfolderSpec = 10;
			files = (
				7C6AA9E62922A28D00973725 /* EssentialFeed.framework in Embed Frameworks */,
				7C6AA9E82922A28D00973725 /* EssentialFeediOS.framework in Embed Frameworks */,
			);
			name = "Embed Frameworks";
			runOnlyForDeploymentPostprocessing = 0;
		};
/* End PBXCopyFilesBuildPhase section */

/* Begin PBXFileReference section */
		7C223B6B2925920B0089E7FC /* DebuggingSceneDelegate.swift */ = {isa = PBXFileReference; lastKnownFileType = sourcecode.swift; path = DebuggingSceneDelegate.swift; sourceTree = "<group>"; };
		7C223B6D292691C90089E7FC /* SceneDelegateTests.swift */ = {isa = PBXFileReference; lastKnownFileType = sourcecode.swift; path = SceneDelegateTests.swift; sourceTree = "<group>"; };
		7C223B6F292697410089E7FC /* MainQueueDispatchDecorator.swift */ = {isa = PBXFileReference; lastKnownFileType = sourcecode.swift; path = MainQueueDispatchDecorator.swift; sourceTree = "<group>"; };
		7C223B70292697410089E7FC /* FeedUIComposer.swift */ = {isa = PBXFileReference; lastKnownFileType = sourcecode.swift; path = FeedUIComposer.swift; sourceTree = "<group>"; };
		7C223B71292697410089E7FC /* WeakRefVirtualProxy.swift */ = {isa = PBXFileReference; lastKnownFileType = sourcecode.swift; path = WeakRefVirtualProxy.swift; sourceTree = "<group>"; };
		7C223B72292697410089E7FC /* FeedImageDataLoaderPresentationAdapter.swift */ = {isa = PBXFileReference; lastKnownFileType = sourcecode.swift; path = FeedImageDataLoaderPresentationAdapter.swift; sourceTree = "<group>"; };
		7C223B73292697420089E7FC /* FeedLoaderPresentationAdapter.swift */ = {isa = PBXFileReference; lastKnownFileType = sourcecode.swift; path = FeedLoaderPresentationAdapter.swift; sourceTree = "<group>"; };
		7C223B74292697420089E7FC /* FeedViewAdapter.swift */ = {isa = PBXFileReference; lastKnownFileType = sourcecode.swift; path = FeedViewAdapter.swift; sourceTree = "<group>"; };
		7C223B7B292697B20089E7FC /* UIControl+TestHelpers.swift */ = {isa = PBXFileReference; lastKnownFileType = sourcecode.swift; path = "UIControl+TestHelpers.swift"; sourceTree = "<group>"; };
		7C223B7C292697B20089E7FC /* UIButton+TestHelpers.swift */ = {isa = PBXFileReference; lastKnownFileType = sourcecode.swift; path = "UIButton+TestHelpers.swift"; sourceTree = "<group>"; };
		7C223B7D292697B20089E7FC /* FeedViewController+TestHelpers.swift */ = {isa = PBXFileReference; lastKnownFileType = sourcecode.swift; path = "FeedViewController+TestHelpers.swift"; sourceTree = "<group>"; };
		7C223B7E292697B20089E7FC /* FeedViewControllerTests+Assertions.swift */ = {isa = PBXFileReference; lastKnownFileType = sourcecode.swift; path = "FeedViewControllerTests+Assertions.swift"; sourceTree = "<group>"; };
		7C223B7F292697B20089E7FC /* UIRefreshControl+TestHelpers.swift */ = {isa = PBXFileReference; lastKnownFileType = sourcecode.swift; path = "UIRefreshControl+TestHelpers.swift"; sourceTree = "<group>"; };
		7C223B80292697B30089E7FC /* UIImage+TestHelpers.swift */ = {isa = PBXFileReference; lastKnownFileType = sourcecode.swift; path = "UIImage+TestHelpers.swift"; sourceTree = "<group>"; };
		7C223B81292697B30089E7FC /* FeedViewControllerTests+LoaderSpy.swift */ = {isa = PBXFileReference; lastKnownFileType = sourcecode.swift; path = "FeedViewControllerTests+LoaderSpy.swift"; sourceTree = "<group>"; };
		7C223B82292697B30089E7FC /* FeedImageCell+TestHelpers.swift */ = {isa = PBXFileReference; lastKnownFileType = sourcecode.swift; path = "FeedImageCell+TestHelpers.swift"; sourceTree = "<group>"; };
		7C223B83292697B30089E7FC /* FeedViewControllerTests+Localization.swift */ = {isa = PBXFileReference; lastKnownFileType = sourcecode.swift; path = "FeedViewControllerTests+Localization.swift"; sourceTree = "<group>"; };
		7C223B8D292698030089E7FC /* FeedUIIntegrationTests.swift */ = {isa = PBXFileReference; lastKnownFileType = sourcecode.swift; path = FeedUIIntegrationTests.swift; sourceTree = "<group>"; };
		7C223B8F29269D990089E7FC /* FeedAcceptanceTests.swift */ = {isa = PBXFileReference; lastKnownFileType = sourcecode.swift; path = FeedAcceptanceTests.swift; sourceTree = "<group>"; };
		7C617B912923CB34004B9DDD /* FeedImageDataLoaderWithFallbackCompositeTests.swift */ = {isa = PBXFileReference; lastKnownFileType = sourcecode.swift; path = FeedImageDataLoaderWithFallbackCompositeTests.swift; sourceTree = "<group>"; };
		7C6AA9AF29229F2B00973725 /* EssentialApp.app */ = {isa = PBXFileReference; explicitFileType = wrapper.application; includeInIndex = 0; path = EssentialApp.app; sourceTree = BUILT_PRODUCTS_DIR; };
		7C6AA9B229229F2B00973725 /* AppDelegate.swift */ = {isa = PBXFileReference; lastKnownFileType = sourcecode.swift; path = AppDelegate.swift; sourceTree = "<group>"; };
		7C6AA9B429229F2B00973725 /* SceneDelegate.swift */ = {isa = PBXFileReference; lastKnownFileType = sourcecode.swift; path = SceneDelegate.swift; sourceTree = "<group>"; };
		7C6AA9B929229F2B00973725 /* Base */ = {isa = PBXFileReference; lastKnownFileType = file.storyboard; name = Base; path = Base.lproj/Main.storyboard; sourceTree = "<group>"; };
		7C6AA9BB29229F2C00973725 /* Assets.xcassets */ = {isa = PBXFileReference; lastKnownFileType = folder.assetcatalog; path = Assets.xcassets; sourceTree = "<group>"; };
		7C6AA9BE29229F2C00973725 /* Base */ = {isa = PBXFileReference; lastKnownFileType = file.storyboard; name = Base; path = Base.lproj/LaunchScreen.storyboard; sourceTree = "<group>"; };
		7C6AA9C029229F2C00973725 /* Info.plist */ = {isa = PBXFileReference; lastKnownFileType = text.plist.xml; path = Info.plist; sourceTree = "<group>"; };
		7C6AA9C529229F2C00973725 /* EssentialAppTests.xctest */ = {isa = PBXFileReference; explicitFileType = wrapper.cfbundle; includeInIndex = 0; path = EssentialAppTests.xctest; sourceTree = BUILT_PRODUCTS_DIR; };
		7C6AA9C929229F2C00973725 /* FeedLoaderWithFallbackCompositeTests.swift */ = {isa = PBXFileReference; lastKnownFileType = sourcecode.swift; path = FeedLoaderWithFallbackCompositeTests.swift; sourceTree = "<group>"; };
		7C6AA9E32922A28D00973725 /* EssentialFeed.framework */ = {isa = PBXFileReference; explicitFileType = wrapper.framework; path = EssentialFeed.framework; sourceTree = BUILT_PRODUCTS_DIR; };
		7C6AA9E42922A28D00973725 /* EssentialFeediOS.framework */ = {isa = PBXFileReference; explicitFileType = wrapper.framework; path = EssentialFeediOS.framework; sourceTree = BUILT_PRODUCTS_DIR; };
		7C6AA9EA2922F43F00973725 /* FeedLoaderWithFallbackComposite.swift */ = {isa = PBXFileReference; lastKnownFileType = sourcecode.swift; path = FeedLoaderWithFallbackComposite.swift; sourceTree = "<group>"; };
		7CC5C7452924412E00A730D8 /* FeedImageDataLoaderWithFallbackComposite.swift */ = {isa = PBXFileReference; lastKnownFileType = sourcecode.swift; path = FeedImageDataLoaderWithFallbackComposite.swift; sourceTree = "<group>"; };
		7CC5C7482924420500A730D8 /* XCTCase+MemoryLeakTracking.swift */ = {isa = PBXFileReference; lastKnownFileType = sourcecode.swift; path = "XCTCase+MemoryLeakTracking.swift"; sourceTree = "<group>"; };
		7CC5C74A2924429700A730D8 /* SharedTestHelpers.swift */ = {isa = PBXFileReference; lastKnownFileType = sourcecode.swift; path = SharedTestHelpers.swift; sourceTree = "<group>"; };
		7CC5C74C292454BD00A730D8 /* FeedLoaderCacheDecoratorTests.swift */ = {isa = PBXFileReference; lastKnownFileType = sourcecode.swift; path = FeedLoaderCacheDecoratorTests.swift; sourceTree = "<group>"; };
		7CC5C74E292457F600A730D8 /* FeedLoaderStub.swift */ = {isa = PBXFileReference; lastKnownFileType = sourcecode.swift; path = FeedLoaderStub.swift; sourceTree = "<group>"; };
		7CC5C7502924629800A730D8 /* XCTestCase+FeedLoader.swift */ = {isa = PBXFileReference; lastKnownFileType = sourcecode.swift; path = "XCTestCase+FeedLoader.swift"; sourceTree = "<group>"; };
		7CC5C75429251C1C00A730D8 /* FeedLoaderCacheDecorator.swift */ = {isa = PBXFileReference; lastKnownFileType = sourcecode.swift; path = FeedLoaderCacheDecorator.swift; sourceTree = "<group>"; };
		7CC5C7562925290900A730D8 /* FeedImageDataLoaderCacheDecoratorTests.swift */ = {isa = PBXFileReference; lastKnownFileType = sourcecode.swift; path = FeedImageDataLoaderCacheDecoratorTests.swift; sourceTree = "<group>"; };
		7CC5C75829253BF800A730D8 /* FeedImageDataLoaderSpy.swift */ = {isa = PBXFileReference; lastKnownFileType = sourcecode.swift; path = FeedImageDataLoaderSpy.swift; sourceTree = "<group>"; };
		7CC5C75A29253CBA00A730D8 /* XCTestCase+FeedImageDataLoader.swift */ = {isa = PBXFileReference; lastKnownFileType = sourcecode.swift; path = "XCTestCase+FeedImageDataLoader.swift"; sourceTree = "<group>"; };
		7CC5C75E2925439700A730D8 /* FeedImageDataLoaderCacheDecorator.swift */ = {isa = PBXFileReference; lastKnownFileType = sourcecode.swift; path = FeedImageDataLoaderCacheDecorator.swift; sourceTree = "<group>"; };
		7CC5C76429254B8F00A730D8 /* EssentialAppUIAcceptanceTests.xctest */ = {isa = PBXFileReference; explicitFileType = wrapper.cfbundle; includeInIndex = 0; path = EssentialAppUIAcceptanceTests.xctest; sourceTree = BUILT_PRODUCTS_DIR; };
		7CC5C76629254B8F00A730D8 /* EssentialAppUIAcceptanceTests.swift */ = {isa = PBXFileReference; lastKnownFileType = sourcecode.swift; path = EssentialAppUIAcceptanceTests.swift; sourceTree = "<group>"; };
/* End PBXFileReference section */

/* Begin PBXFrameworksBuildPhase section */
		7C6AA9AC29229F2B00973725 /* Frameworks */ = {
			isa = PBXFrameworksBuildPhase;
			buildActionMask = 2147483647;
			files = (
				7C6AA9E52922A28D00973725 /* EssentialFeed.framework in Frameworks */,
				7C6AA9E72922A28D00973725 /* EssentialFeediOS.framework in Frameworks */,
			);
			runOnlyForDeploymentPostprocessing = 0;
		};
		7C6AA9C229229F2C00973725 /* Frameworks */ = {
			isa = PBXFrameworksBuildPhase;
			buildActionMask = 2147483647;
			files = (
			);
			runOnlyForDeploymentPostprocessing = 0;
		};
		7CC5C76129254B8F00A730D8 /* Frameworks */ = {
			isa = PBXFrameworksBuildPhase;
			buildActionMask = 2147483647;
			files = (
			);
			runOnlyForDeploymentPostprocessing = 0;
		};
/* End PBXFrameworksBuildPhase section */

/* Begin PBXGroup section */
		7C6AA9A629229F2B00973725 = {
			isa = PBXGroup;
			children = (
				7C6AA9B129229F2B00973725 /* EssentialApp */,
				7C6AA9C829229F2C00973725 /* EssentialAppTests */,
				7CC5C76529254B8F00A730D8 /* EssentialAppUIAcceptanceTests */,
				7C6AA9B029229F2B00973725 /* Products */,
				7C6AA9E22922A28D00973725 /* Frameworks */,
			);
			sourceTree = "<group>";
		};
		7C6AA9B029229F2B00973725 /* Products */ = {
			isa = PBXGroup;
			children = (
				7C6AA9AF29229F2B00973725 /* EssentialApp.app */,
				7C6AA9C529229F2C00973725 /* EssentialAppTests.xctest */,
				7CC5C76429254B8F00A730D8 /* EssentialAppUIAcceptanceTests.xctest */,
			);
			name = Products;
			sourceTree = "<group>";
		};
		7C6AA9B129229F2B00973725 /* EssentialApp */ = {
			isa = PBXGroup;
			children = (
				7C6AA9B229229F2B00973725 /* AppDelegate.swift */,
				7C6AA9B429229F2B00973725 /* SceneDelegate.swift */,
				7C223B6B2925920B0089E7FC /* DebuggingSceneDelegate.swift */,
				7C223B70292697410089E7FC /* FeedUIComposer.swift */,
				7C223B6F292697410089E7FC /* MainQueueDispatchDecorator.swift */,
				7C223B71292697410089E7FC /* WeakRefVirtualProxy.swift */,
				7C223B72292697410089E7FC /* FeedImageDataLoaderPresentationAdapter.swift */,
				7C223B73292697420089E7FC /* FeedLoaderPresentationAdapter.swift */,
				7C223B74292697420089E7FC /* FeedViewAdapter.swift */,
				7C6AA9EA2922F43F00973725 /* FeedLoaderWithFallbackComposite.swift */,
				7CC5C7452924412E00A730D8 /* FeedImageDataLoaderWithFallbackComposite.swift */,
				7CC5C75429251C1C00A730D8 /* FeedLoaderCacheDecorator.swift */,
				7CC5C75E2925439700A730D8 /* FeedImageDataLoaderCacheDecorator.swift */,
				7C6AA9B829229F2B00973725 /* Main.storyboard */,
				7C6AA9BB29229F2C00973725 /* Assets.xcassets */,
				7C6AA9BD29229F2C00973725 /* LaunchScreen.storyboard */,
				7C6AA9C029229F2C00973725 /* Info.plist */,
			);
			path = EssentialApp;
			sourceTree = "<group>";
		};
		7C6AA9C829229F2C00973725 /* EssentialAppTests */ = {
			isa = PBXGroup;
			children = (
				7CC5C747292441DD00A730D8 /* Helpers */,
				7C223B6D292691C90089E7FC /* SceneDelegateTests.swift */,
				7C223B8D292698030089E7FC /* FeedUIIntegrationTests.swift */,
				7C6AA9C929229F2C00973725 /* FeedLoaderWithFallbackCompositeTests.swift */,
				7C617B912923CB34004B9DDD /* FeedImageDataLoaderWithFallbackCompositeTests.swift */,
				7CC5C74C292454BD00A730D8 /* FeedLoaderCacheDecoratorTests.swift */,
				7CC5C7562925290900A730D8 /* FeedImageDataLoaderCacheDecoratorTests.swift */,
				7C223B8F29269D990089E7FC /* FeedAcceptanceTests.swift */,
			);
			path = EssentialAppTests;
			sourceTree = "<group>";
		};
		7C6AA9E22922A28D00973725 /* Frameworks */ = {
			isa = PBXGroup;
			children = (
				7C6AA9E32922A28D00973725 /* EssentialFeed.framework */,
				7C6AA9E42922A28D00973725 /* EssentialFeediOS.framework */,
			);
			name = Frameworks;
			sourceTree = "<group>";
		};
		7CC5C747292441DD00A730D8 /* Helpers */ = {
			isa = PBXGroup;
			children = (
				7C223B80292697B30089E7FC /* UIImage+TestHelpers.swift */,
				7C223B7F292697B20089E7FC /* UIRefreshControl+TestHelpers.swift */,
				7C223B7C292697B20089E7FC /* UIButton+TestHelpers.swift */,
				7C223B7B292697B20089E7FC /* UIControl+TestHelpers.swift */,
				7C223B7D292697B20089E7FC /* FeedViewController+TestHelpers.swift */,
				7C223B82292697B30089E7FC /* FeedImageCell+TestHelpers.swift */,
				7C223B81292697B30089E7FC /* FeedViewControllerTests+LoaderSpy.swift */,
				7C223B7E292697B20089E7FC /* FeedViewControllerTests+Assertions.swift */,
				7C223B83292697B30089E7FC /* FeedViewControllerTests+Localization.swift */,
				7CC5C7502924629800A730D8 /* XCTestCase+FeedLoader.swift */,
				7CC5C75A29253CBA00A730D8 /* XCTestCase+FeedImageDataLoader.swift */,
				7CC5C7482924420500A730D8 /* XCTCase+MemoryLeakTracking.swift */,
				7CC5C74A2924429700A730D8 /* SharedTestHelpers.swift */,
				7CC5C74E292457F600A730D8 /* FeedLoaderStub.swift */,
				7CC5C75829253BF800A730D8 /* FeedImageDataLoaderSpy.swift */,
			);
			path = Helpers;
			sourceTree = "<group>";
		};
		7CC5C76529254B8F00A730D8 /* EssentialAppUIAcceptanceTests */ = {
			isa = PBXGroup;
			children = (
				7CC5C76629254B8F00A730D8 /* EssentialAppUIAcceptanceTests.swift */,
			);
			path = EssentialAppUIAcceptanceTests;
			sourceTree = "<group>";
		};
/* End PBXGroup section */

/* Begin PBXNativeTarget section */
		7C6AA9AE29229F2B00973725 /* EssentialApp */ = {
			isa = PBXNativeTarget;
			buildConfigurationList = 7C6AA9D929229F2C00973725 /* Build configuration list for PBXNativeTarget "EssentialApp" */;
			buildPhases = (
				7C6AA9AB29229F2B00973725 /* Sources */,
				7C6AA9AC29229F2B00973725 /* Frameworks */,
				7C6AA9AD29229F2B00973725 /* Resources */,
				7C6AA9E92922A28D00973725 /* Embed Frameworks */,
			);
			buildRules = (
			);
			dependencies = (
			);
			name = EssentialApp;
			productName = EssentialApp;
			productReference = 7C6AA9AF29229F2B00973725 /* EssentialApp.app */;
			productType = "com.apple.product-type.application";
		};
		7C6AA9C429229F2C00973725 /* EssentialAppTests */ = {
			isa = PBXNativeTarget;
			buildConfigurationList = 7C6AA9DC29229F2C00973725 /* Build configuration list for PBXNativeTarget "EssentialAppTests" */;
			buildPhases = (
				7C6AA9C129229F2C00973725 /* Sources */,
				7C6AA9C229229F2C00973725 /* Frameworks */,
				7C6AA9C329229F2C00973725 /* Resources */,
			);
			buildRules = (
			);
			dependencies = (
				7C6AA9C729229F2C00973725 /* PBXTargetDependency */,
			);
			name = EssentialAppTests;
			productName = EssentialAppTests;
			productReference = 7C6AA9C529229F2C00973725 /* EssentialAppTests.xctest */;
			productType = "com.apple.product-type.bundle.unit-test";
		};
		7CC5C76329254B8F00A730D8 /* EssentialAppUIAcceptanceTests */ = {
			isa = PBXNativeTarget;
			buildConfigurationList = 7CC5C76E29254B8F00A730D8 /* Build configuration list for PBXNativeTarget "EssentialAppUIAcceptanceTests" */;
			buildPhases = (
				7CC5C76029254B8F00A730D8 /* Sources */,
				7CC5C76129254B8F00A730D8 /* Frameworks */,
				7CC5C76229254B8F00A730D8 /* Resources */,
			);
			buildRules = (
			);
			dependencies = (
				7CC5C76B29254B8F00A730D8 /* PBXTargetDependency */,
			);
			name = EssentialAppUIAcceptanceTests;
			productName = EssentialAppUIAcceptanceTests;
			productReference = 7CC5C76429254B8F00A730D8 /* EssentialAppUIAcceptanceTests.xctest */;
			productType = "com.apple.product-type.bundle.ui-testing";
		};
/* End PBXNativeTarget section */

/* Begin PBXProject section */
		7C6AA9A729229F2B00973725 /* Project object */ = {
			isa = PBXProject;
			attributes = {
				BuildIndependentTargetsInParallel = 1;
				LastSwiftUpdateCheck = 1400;
				LastUpgradeCheck = 1400;
				TargetAttributes = {
					7C6AA9AE29229F2B00973725 = {
						CreatedOnToolsVersion = 14.0.1;
					};
					7C6AA9C429229F2C00973725 = {
						CreatedOnToolsVersion = 14.0.1;
						TestTargetID = 7C6AA9AE29229F2B00973725;
					};
					7CC5C76329254B8F00A730D8 = {
						CreatedOnToolsVersion = 14.0.1;
						TestTargetID = 7C6AA9AE29229F2B00973725;
					};
				};
			};
			buildConfigurationList = 7C6AA9AA29229F2B00973725 /* Build configuration list for PBXProject "EssentialApp" */;
			compatibilityVersion = "Xcode 14.0";
			developmentRegion = en;
			hasScannedForEncodings = 0;
			knownRegions = (
				en,
				Base,
			);
			mainGroup = 7C6AA9A629229F2B00973725;
			productRefGroup = 7C6AA9B029229F2B00973725 /* Products */;
			projectDirPath = "";
			projectRoot = "";
			targets = (
				7C6AA9AE29229F2B00973725 /* EssentialApp */,
				7C6AA9C429229F2C00973725 /* EssentialAppTests */,
				7CC5C76329254B8F00A730D8 /* EssentialAppUIAcceptanceTests */,
			);
		};
/* End PBXProject section */

/* Begin PBXResourcesBuildPhase section */
		7C6AA9AD29229F2B00973725 /* Resources */ = {
			isa = PBXResourcesBuildPhase;
			buildActionMask = 2147483647;
			files = (
				7C6AA9BF29229F2C00973725 /* LaunchScreen.storyboard in Resources */,
				7C6AA9BC29229F2C00973725 /* Assets.xcassets in Resources */,
				7C6AA9BA29229F2B00973725 /* Main.storyboard in Resources */,
			);
			runOnlyForDeploymentPostprocessing = 0;
		};
		7C6AA9C329229F2C00973725 /* Resources */ = {
			isa = PBXResourcesBuildPhase;
			buildActionMask = 2147483647;
			files = (
			);
			runOnlyForDeploymentPostprocessing = 0;
		};
		7CC5C76229254B8F00A730D8 /* Resources */ = {
			isa = PBXResourcesBuildPhase;
			buildActionMask = 2147483647;
			files = (
			);
			runOnlyForDeploymentPostprocessing = 0;
		};
/* End PBXResourcesBuildPhase section */

/* Begin PBXSourcesBuildPhase section */
		7C6AA9AB29229F2B00973725 /* Sources */ = {
			isa = PBXSourcesBuildPhase;
			buildActionMask = 2147483647;
			files = (
				7C223B78292697420089E7FC /* WeakRefVirtualProxy.swift in Sources */,
				7C223B75292697420089E7FC /* MainQueueDispatchDecorator.swift in Sources */,
				7CC5C7462924412E00A730D8 /* FeedImageDataLoaderWithFallbackComposite.swift in Sources */,
				7C6AA9B329229F2B00973725 /* AppDelegate.swift in Sources */,
				7C6AA9EB2922F43F00973725 /* FeedLoaderWithFallbackComposite.swift in Sources */,
				7C223B77292697420089E7FC /* FeedViewAdapter.swift in Sources */,
				7C223B79292697420089E7FC /* FeedLoaderPresentationAdapter.swift in Sources */,
				7C223B7A292697420089E7FC /* FeedUIComposer.swift in Sources */,
				7CC5C75F2925439700A730D8 /* FeedImageDataLoaderCacheDecorator.swift in Sources */,
				7CC5C75529251C1C00A730D8 /* FeedLoaderCacheDecorator.swift in Sources */,
				7C223B76292697420089E7FC /* FeedImageDataLoaderPresentationAdapter.swift in Sources */,
				7C223B6C2925920B0089E7FC /* DebuggingSceneDelegate.swift in Sources */,
				7C6AA9B529229F2B00973725 /* SceneDelegate.swift in Sources */,
			);
			runOnlyForDeploymentPostprocessing = 0;
		};
		7C6AA9C129229F2C00973725 /* Sources */ = {
			isa = PBXSourcesBuildPhase;
			buildActionMask = 2147483647;
			files = (
				7CC5C74B2924429700A730D8 /* SharedTestHelpers.swift in Sources */,
				7C223B8C292697B40089E7FC /* UIButton+TestHelpers.swift in Sources */,
				7CC5C7572925290900A730D8 /* FeedImageDataLoaderCacheDecoratorTests.swift in Sources */,
				7C223B87292697B40089E7FC /* FeedViewControllerTests+Localization.swift in Sources */,
				7C223B89292697B40089E7FC /* FeedViewControllerTests+LoaderSpy.swift in Sources */,
				7C223B8A292697B40089E7FC /* FeedViewController+TestHelpers.swift in Sources */,
				7C223B88292697B40089E7FC /* UIControl+TestHelpers.swift in Sources */,
				7CC5C7512924629800A730D8 /* XCTestCase+FeedLoader.swift in Sources */,
				7CC5C75B29253CBA00A730D8 /* XCTestCase+FeedImageDataLoader.swift in Sources */,
				7C223B6E292691C90089E7FC /* SceneDelegateTests.swift in Sources */,
				7C223B86292697B40089E7FC /* FeedViewControllerTests+Assertions.swift in Sources */,
				7CC5C74D292454BD00A730D8 /* FeedLoaderCacheDecoratorTests.swift in Sources */,
				7CC5C75929253BF800A730D8 /* FeedImageDataLoaderSpy.swift in Sources */,
				7C617B922923CB34004B9DDD /* FeedImageDataLoaderWithFallbackCompositeTests.swift in Sources */,
				7CC5C7492924420500A730D8 /* XCTCase+MemoryLeakTracking.swift in Sources */,
				7C223B8B292697B40089E7FC /* UIRefreshControl+TestHelpers.swift in Sources */,
				7C223B85292697B40089E7FC /* FeedImageCell+TestHelpers.swift in Sources */,
				7CC5C74F292457F600A730D8 /* FeedLoaderStub.swift in Sources */,
				7C223B9029269D990089E7FC /* FeedAcceptanceTests.swift in Sources */,
				7C6AA9CA29229F2C00973725 /* FeedLoaderWithFallbackCompositeTests.swift in Sources */,
				7C223B8E292698030089E7FC /* FeedUIIntegrationTests.swift in Sources */,
				7C223B84292697B40089E7FC /* UIImage+TestHelpers.swift in Sources */,
			);
			runOnlyForDeploymentPostprocessing = 0;
		};
		7CC5C76029254B8F00A730D8 /* Sources */ = {
			isa = PBXSourcesBuildPhase;
			buildActionMask = 2147483647;
			files = (
				7CC5C76729254B8F00A730D8 /* EssentialAppUIAcceptanceTests.swift in Sources */,
			);
			runOnlyForDeploymentPostprocessing = 0;
		};
/* End PBXSourcesBuildPhase section */

/* Begin PBXTargetDependency section */
		7C6AA9C729229F2C00973725 /* PBXTargetDependency */ = {
			isa = PBXTargetDependency;
			target = 7C6AA9AE29229F2B00973725 /* EssentialApp */;
			targetProxy = 7C6AA9C629229F2C00973725 /* PBXContainerItemProxy */;
		};
		7CC5C76B29254B8F00A730D8 /* PBXTargetDependency */ = {
			isa = PBXTargetDependency;
			target = 7C6AA9AE29229F2B00973725 /* EssentialApp */;
			targetProxy = 7CC5C76A29254B8F00A730D8 /* PBXContainerItemProxy */;
		};
/* End PBXTargetDependency section */

/* Begin PBXVariantGroup section */
		7C6AA9B829229F2B00973725 /* Main.storyboard */ = {
			isa = PBXVariantGroup;
			children = (
				7C6AA9B929229F2B00973725 /* Base */,
			);
			name = Main.storyboard;
			sourceTree = "<group>";
		};
		7C6AA9BD29229F2C00973725 /* LaunchScreen.storyboard */ = {
			isa = PBXVariantGroup;
			children = (
				7C6AA9BE29229F2C00973725 /* Base */,
			);
			name = LaunchScreen.storyboard;
			sourceTree = "<group>";
		};
/* End PBXVariantGroup section */

/* Begin XCBuildConfiguration section */
		7C6AA9D729229F2C00973725 /* Debug */ = {
			isa = XCBuildConfiguration;
			buildSettings = {
				ALWAYS_SEARCH_USER_PATHS = NO;
				CLANG_ANALYZER_NONNULL = YES;
				CLANG_ANALYZER_NUMBER_OBJECT_CONVERSION = YES_AGGRESSIVE;
				CLANG_CXX_LANGUAGE_STANDARD = "gnu++20";
				CLANG_ENABLE_MODULES = YES;
				CLANG_ENABLE_OBJC_ARC = YES;
				CLANG_ENABLE_OBJC_WEAK = YES;
				CLANG_WARN_BLOCK_CAPTURE_AUTORELEASING = YES;
				CLANG_WARN_BOOL_CONVERSION = YES;
				CLANG_WARN_COMMA = YES;
				CLANG_WARN_CONSTANT_CONVERSION = YES;
				CLANG_WARN_DEPRECATED_OBJC_IMPLEMENTATIONS = YES;
				CLANG_WARN_DIRECT_OBJC_ISA_USAGE = YES_ERROR;
				CLANG_WARN_DOCUMENTATION_COMMENTS = YES;
				CLANG_WARN_EMPTY_BODY = YES;
				CLANG_WARN_ENUM_CONVERSION = YES;
				CLANG_WARN_INFINITE_RECURSION = YES;
				CLANG_WARN_INT_CONVERSION = YES;
				CLANG_WARN_NON_LITERAL_NULL_CONVERSION = YES;
				CLANG_WARN_OBJC_IMPLICIT_RETAIN_SELF = YES;
				CLANG_WARN_OBJC_LITERAL_CONVERSION = YES;
				CLANG_WARN_OBJC_ROOT_CLASS = YES_ERROR;
				CLANG_WARN_QUOTED_INCLUDE_IN_FRAMEWORK_HEADER = YES;
				CLANG_WARN_RANGE_LOOP_ANALYSIS = YES;
				CLANG_WARN_STRICT_PROTOTYPES = YES;
				CLANG_WARN_SUSPICIOUS_MOVE = YES;
				CLANG_WARN_UNGUARDED_AVAILABILITY = YES_AGGRESSIVE;
				CLANG_WARN_UNREACHABLE_CODE = YES;
				CLANG_WARN__DUPLICATE_METHOD_MATCH = YES;
				COPY_PHASE_STRIP = NO;
				DEBUG_INFORMATION_FORMAT = dwarf;
				ENABLE_STRICT_OBJC_MSGSEND = YES;
				ENABLE_TESTABILITY = YES;
				GCC_C_LANGUAGE_STANDARD = gnu11;
				GCC_DYNAMIC_NO_PIC = NO;
				GCC_NO_COMMON_BLOCKS = YES;
				GCC_OPTIMIZATION_LEVEL = 0;
				GCC_PREPROCESSOR_DEFINITIONS = (
					"DEBUG=1",
					"$(inherited)",
				);
				GCC_WARN_64_TO_32_BIT_CONVERSION = YES;
				GCC_WARN_ABOUT_RETURN_TYPE = YES_ERROR;
				GCC_WARN_UNDECLARED_SELECTOR = YES;
				GCC_WARN_UNINITIALIZED_AUTOS = YES_AGGRESSIVE;
				GCC_WARN_UNUSED_FUNCTION = YES;
				GCC_WARN_UNUSED_VARIABLE = YES;
				IPHONEOS_DEPLOYMENT_TARGET = 16.0;
				MTL_ENABLE_DEBUG_INFO = INCLUDE_SOURCE;
				MTL_FAST_MATH = YES;
				ONLY_ACTIVE_ARCH = YES;
				SDKROOT = iphoneos;
				SWIFT_ACTIVE_COMPILATION_CONDITIONS = DEBUG;
				SWIFT_OPTIMIZATION_LEVEL = "-Onone";
			};
			name = Debug;
		};
		7C6AA9D829229F2C00973725 /* Release */ = {
			isa = XCBuildConfiguration;
			buildSettings = {
				ALWAYS_SEARCH_USER_PATHS = NO;
				CLANG_ANALYZER_NONNULL = YES;
				CLANG_ANALYZER_NUMBER_OBJECT_CONVERSION = YES_AGGRESSIVE;
				CLANG_CXX_LANGUAGE_STANDARD = "gnu++20";
				CLANG_ENABLE_MODULES = YES;
				CLANG_ENABLE_OBJC_ARC = YES;
				CLANG_ENABLE_OBJC_WEAK = YES;
				CLANG_WARN_BLOCK_CAPTURE_AUTORELEASING = YES;
				CLANG_WARN_BOOL_CONVERSION = YES;
				CLANG_WARN_COMMA = YES;
				CLANG_WARN_CONSTANT_CONVERSION = YES;
				CLANG_WARN_DEPRECATED_OBJC_IMPLEMENTATIONS = YES;
				CLANG_WARN_DIRECT_OBJC_ISA_USAGE = YES_ERROR;
				CLANG_WARN_DOCUMENTATION_COMMENTS = YES;
				CLANG_WARN_EMPTY_BODY = YES;
				CLANG_WARN_ENUM_CONVERSION = YES;
				CLANG_WARN_INFINITE_RECURSION = YES;
				CLANG_WARN_INT_CONVERSION = YES;
				CLANG_WARN_NON_LITERAL_NULL_CONVERSION = YES;
				CLANG_WARN_OBJC_IMPLICIT_RETAIN_SELF = YES;
				CLANG_WARN_OBJC_LITERAL_CONVERSION = YES;
				CLANG_WARN_OBJC_ROOT_CLASS = YES_ERROR;
				CLANG_WARN_QUOTED_INCLUDE_IN_FRAMEWORK_HEADER = YES;
				CLANG_WARN_RANGE_LOOP_ANALYSIS = YES;
				CLANG_WARN_STRICT_PROTOTYPES = YES;
				CLANG_WARN_SUSPICIOUS_MOVE = YES;
				CLANG_WARN_UNGUARDED_AVAILABILITY = YES_AGGRESSIVE;
				CLANG_WARN_UNREACHABLE_CODE = YES;
				CLANG_WARN__DUPLICATE_METHOD_MATCH = YES;
				COPY_PHASE_STRIP = NO;
				DEBUG_INFORMATION_FORMAT = "dwarf-with-dsym";
				ENABLE_NS_ASSERTIONS = NO;
				ENABLE_STRICT_OBJC_MSGSEND = YES;
				GCC_C_LANGUAGE_STANDARD = gnu11;
				GCC_NO_COMMON_BLOCKS = YES;
				GCC_WARN_64_TO_32_BIT_CONVERSION = YES;
				GCC_WARN_ABOUT_RETURN_TYPE = YES_ERROR;
				GCC_WARN_UNDECLARED_SELECTOR = YES;
				GCC_WARN_UNINITIALIZED_AUTOS = YES_AGGRESSIVE;
				GCC_WARN_UNUSED_FUNCTION = YES;
				GCC_WARN_UNUSED_VARIABLE = YES;
				IPHONEOS_DEPLOYMENT_TARGET = 16.0;
				MTL_ENABLE_DEBUG_INFO = NO;
				MTL_FAST_MATH = YES;
				SDKROOT = iphoneos;
				SWIFT_COMPILATION_MODE = wholemodule;
				SWIFT_OPTIMIZATION_LEVEL = "-O";
				VALIDATE_PRODUCT = YES;
			};
			name = Release;
		};
		7C6AA9DA29229F2C00973725 /* Debug */ = {
			isa = XCBuildConfiguration;
			buildSettings = {
				ASSETCATALOG_COMPILER_APPICON_NAME = AppIcon;
				ASSETCATALOG_COMPILER_GLOBAL_ACCENT_COLOR_NAME = AccentColor;
				CODE_SIGN_STYLE = Automatic;
				CURRENT_PROJECT_VERSION = 1;
				DEVELOPMENT_TEAM = Z2N9S62M23;
				GENERATE_INFOPLIST_FILE = YES;
				INFOPLIST_FILE = EssentialApp/Info.plist;
				INFOPLIST_KEY_UIApplicationSupportsIndirectInputEvents = YES;
				INFOPLIST_KEY_UILaunchStoryboardName = LaunchScreen;
				INFOPLIST_KEY_UIMainStoryboardFile = Main;
				INFOPLIST_KEY_UISupportedInterfaceOrientations = UIInterfaceOrientationPortrait;
				INFOPLIST_KEY_UISupportedInterfaceOrientations_iPad = "UIInterfaceOrientationLandscapeLeft UIInterfaceOrientationLandscapeRight UIInterfaceOrientationPortrait UIInterfaceOrientationPortraitUpsideDown";
				LD_RUNPATH_SEARCH_PATHS = (
					"$(inherited)",
					"@executable_path/Frameworks",
				);
				MARKETING_VERSION = 1.0;
				PRODUCT_BUNDLE_IDENTIFIER = "com.cherick-dev.EssentialApp";
				PRODUCT_NAME = "$(TARGET_NAME)";
				SWIFT_EMIT_LOC_STRINGS = YES;
				SWIFT_VERSION = 5.0;
				TARGETED_DEVICE_FAMILY = "1,2";
			};
			name = Debug;
		};
		7C6AA9DB29229F2C00973725 /* Release */ = {
			isa = XCBuildConfiguration;
			buildSettings = {
				ASSETCATALOG_COMPILER_APPICON_NAME = AppIcon;
				ASSETCATALOG_COMPILER_GLOBAL_ACCENT_COLOR_NAME = AccentColor;
				CODE_SIGN_STYLE = Automatic;
				CURRENT_PROJECT_VERSION = 1;
				DEVELOPMENT_TEAM = Z2N9S62M23;
				GENERATE_INFOPLIST_FILE = YES;
				INFOPLIST_FILE = EssentialApp/Info.plist;
				INFOPLIST_KEY_UIApplicationSupportsIndirectInputEvents = YES;
				INFOPLIST_KEY_UILaunchStoryboardName = LaunchScreen;
				INFOPLIST_KEY_UIMainStoryboardFile = Main;
				INFOPLIST_KEY_UISupportedInterfaceOrientations = UIInterfaceOrientationPortrait;
				INFOPLIST_KEY_UISupportedInterfaceOrientations_iPad = "UIInterfaceOrientationLandscapeLeft UIInterfaceOrientationLandscapeRight UIInterfaceOrientationPortrait UIInterfaceOrientationPortraitUpsideDown";
				LD_RUNPATH_SEARCH_PATHS = (
					"$(inherited)",
					"@executable_path/Frameworks",
				);
				MARKETING_VERSION = 1.0;
				PRODUCT_BUNDLE_IDENTIFIER = "com.cherick-dev.EssentialApp";
				PRODUCT_NAME = "$(TARGET_NAME)";
				SWIFT_EMIT_LOC_STRINGS = YES;
				SWIFT_VERSION = 5.0;
				TARGETED_DEVICE_FAMILY = "1,2";
			};
			name = Release;
		};
		7C6AA9DD29229F2C00973725 /* Debug */ = {
			isa = XCBuildConfiguration;
			buildSettings = {
				ALWAYS_EMBED_SWIFT_STANDARD_LIBRARIES = YES;
				BUNDLE_LOADER = "$(TEST_HOST)";
				CODE_SIGN_STYLE = Automatic;
				CURRENT_PROJECT_VERSION = 1;
				DEVELOPMENT_TEAM = Z2N9S62M23;
				GENERATE_INFOPLIST_FILE = YES;
				IPHONEOS_DEPLOYMENT_TARGET = 16.0;
				MARKETING_VERSION = 1.0;
				PRODUCT_BUNDLE_IDENTIFIER = "com.cherick-dev.EssentialAppTests";
				PRODUCT_NAME = "$(TARGET_NAME)";
				SWIFT_EMIT_LOC_STRINGS = NO;
				SWIFT_VERSION = 5.0;
				TARGETED_DEVICE_FAMILY = "1,2";
				TEST_HOST = "$(BUILT_PRODUCTS_DIR)/EssentialApp.app/$(BUNDLE_EXECUTABLE_FOLDER_PATH)/EssentialApp";
			};
			name = Debug;
		};
		7C6AA9DE29229F2C00973725 /* Release */ = {
			isa = XCBuildConfiguration;
			buildSettings = {
				ALWAYS_EMBED_SWIFT_STANDARD_LIBRARIES = YES;
				BUNDLE_LOADER = "$(TEST_HOST)";
				CODE_SIGN_STYLE = Automatic;
				CURRENT_PROJECT_VERSION = 1;
				DEVELOPMENT_TEAM = Z2N9S62M23;
				GENERATE_INFOPLIST_FILE = YES;
				IPHONEOS_DEPLOYMENT_TARGET = 16.0;
				MARKETING_VERSION = 1.0;
				PRODUCT_BUNDLE_IDENTIFIER = "com.cherick-dev.EssentialAppTests";
				PRODUCT_NAME = "$(TARGET_NAME)";
				SWIFT_EMIT_LOC_STRINGS = NO;
				SWIFT_VERSION = 5.0;
				TARGETED_DEVICE_FAMILY = "1,2";
				TEST_HOST = "$(BUILT_PRODUCTS_DIR)/EssentialApp.app/$(BUNDLE_EXECUTABLE_FOLDER_PATH)/EssentialApp";
			};
			name = Release;
		};
		7CC5C76C29254B8F00A730D8 /* Debug */ = {
			isa = XCBuildConfiguration;
			buildSettings = {
				CODE_SIGN_STYLE = Automatic;
				CURRENT_PROJECT_VERSION = 1;
				DEVELOPMENT_TEAM = Z2N9S62M23;
				GENERATE_INFOPLIST_FILE = YES;
				MARKETING_VERSION = 1.0;
				PRODUCT_BUNDLE_IDENTIFIER = "com.cherick-dev.EssentialAppUIAcceptanceTests";
				PRODUCT_NAME = "$(TARGET_NAME)";
				SWIFT_EMIT_LOC_STRINGS = NO;
				SWIFT_VERSION = 5.0;
				TARGETED_DEVICE_FAMILY = "1,2";
				TEST_TARGET_NAME = EssentialApp;
			};
			name = Debug;
		};
		7CC5C76D29254B8F00A730D8 /* Release */ = {
			isa = XCBuildConfiguration;
			buildSettings = {
				CODE_SIGN_STYLE = Automatic;
				CURRENT_PROJECT_VERSION = 1;
				DEVELOPMENT_TEAM = Z2N9S62M23;
				GENERATE_INFOPLIST_FILE = YES;
				MARKETING_VERSION = 1.0;
				PRODUCT_BUNDLE_IDENTIFIER = "com.cherick-dev.EssentialAppUIAcceptanceTests";
				PRODUCT_NAME = "$(TARGET_NAME)";
				SWIFT_EMIT_LOC_STRINGS = NO;
				SWIFT_VERSION = 5.0;
				TARGETED_DEVICE_FAMILY = "1,2";
				TEST_TARGET_NAME = EssentialApp;
			};
			name = Release;
		};
/* End XCBuildConfiguration section */

/* Begin XCConfigurationList section */
		7C6AA9AA29229F2B00973725 /* Build configuration list for PBXProject "EssentialApp" */ = {
			isa = XCConfigurationList;
			buildConfigurations = (
				7C6AA9D729229F2C00973725 /* Debug */,
				7C6AA9D829229F2C00973725 /* Release */,
			);
			defaultConfigurationIsVisible = 0;
			defaultConfigurationName = Release;
		};
		7C6AA9D929229F2C00973725 /* Build configuration list for PBXNativeTarget "EssentialApp" */ = {
			isa = XCConfigurationList;
			buildConfigurations = (
				7C6AA9DA29229F2C00973725 /* Debug */,
				7C6AA9DB29229F2C00973725 /* Release */,
			);
			defaultConfigurationIsVisible = 0;
			defaultConfigurationName = Release;
		};
		7C6AA9DC29229F2C00973725 /* Build configuration list for PBXNativeTarget "EssentialAppTests" */ = {
			isa = XCConfigurationList;
			buildConfigurations = (
				7C6AA9DD29229F2C00973725 /* Debug */,
				7C6AA9DE29229F2C00973725 /* Release */,
			);
			defaultConfigurationIsVisible = 0;
			defaultConfigurationName = Release;
		};
		7CC5C76E29254B8F00A730D8 /* Build configuration list for PBXNativeTarget "EssentialAppUIAcceptanceTests" */ = {
			isa = XCConfigurationList;
			buildConfigurations = (
				7CC5C76C29254B8F00A730D8 /* Debug */,
				7CC5C76D29254B8F00A730D8 /* Release */,
			);
			defaultConfigurationIsVisible = 0;
			defaultConfigurationName = Release;
		};
/* End XCConfigurationList section */
	};
	rootObject = 7C6AA9A729229F2B00973725 /* Project object */;
}
